// !$*UTF8*$!
{
	archiveVersion = 1;
	classes = {
	};
	objectVersion = 56;
	objects = {

/* Begin PBXBuildFile section */
		AECB8B242B8539C500D5559D /* OpenGL.framework in Frameworks */ = {isa = PBXBuildFile; fileRef = AECB8B222B8539C500D5559D /* OpenGL.framework */; };
		AECB8B282B853C7D00D5559D /* Main.cpp in Sources */ = {isa = PBXBuildFile; fileRef = AECB8B272B853C7D00D5559D /* Main.cpp */; };
		AEFECCDF2BA7748A008596DD /* ShaderManager.cpp in Sources */ = {isa = PBXBuildFile; fileRef = AEFECCDC2BA7748A008596DD /* ShaderManager.cpp */; };
		AEFECCE02BA7748A008596DD /* glad.c in Sources */ = {isa = PBXBuildFile; fileRef = AEFECCDD2BA7748A008596DD /* glad.c */; };
		AEFECCE22BA774B5008596DD /* libglfw.3.3.dylib in Frameworks */ = {isa = PBXBuildFile; fileRef = AEFECCE12BA774B5008596DD /* libglfw.3.3.dylib */; };
		AEFECCE32BA774B5008596DD /* libglfw.3.3.dylib in Embed Libraries */ = {isa = PBXBuildFile; fileRef = AEFECCE12BA774B5008596DD /* libglfw.3.3.dylib */; settings = {ATTRIBUTES = (CodeSignOnCopy, ); }; };
		AEFECCF92BA78B8D008596DD /* VAO.cpp in Sources */ = {isa = PBXBuildFile; fileRef = AEFECCF22BA78B8D008596DD /* VAO.cpp */; };
		AEFECCFA2BA78B8D008596DD /* EBO.cpp in Sources */ = {isa = PBXBuildFile; fileRef = AEFECCF62BA78B8D008596DD /* EBO.cpp */; };
		AEFECCFB2BA78B8D008596DD /* VBO.cpp in Sources */ = {isa = PBXBuildFile; fileRef = AEFECCF72BA78B8D008596DD /* VBO.cpp */; };
/* End PBXBuildFile section */

/* Begin PBXCopyFilesBuildPhase section */
		AECB8B152B8539A900D5559D /* CopyFiles */ = {
			isa = PBXCopyFilesBuildPhase;
			buildActionMask = 2147483647;
			dstPath = /usr/share/man/man1/;
			dstSubfolderSpec = 0;
			files = (
			);
			runOnlyForDeploymentPostprocessing = 1;
		};
		AEFECCE42BA774B5008596DD /* Embed Libraries */ = {
			isa = PBXCopyFilesBuildPhase;
			buildActionMask = 2147483647;
			dstPath = "";
			dstSubfolderSpec = 10;
			files = (
				AEFECCE32BA774B5008596DD /* libglfw.3.3.dylib in Embed Libraries */,
			);
			name = "Embed Libraries";
			runOnlyForDeploymentPostprocessing = 0;
		};
/* End PBXCopyFilesBuildPhase section */

/* Begin PBXFileReference section */
		AECB8B172B8539A900D5559D /* FPOS */ = {isa = PBXFileReference; explicitFileType = "compiled.mach-o.executable"; includeInIndex = 0; path = FPOS; sourceTree = BUILT_PRODUCTS_DIR; };
		AECB8B222B8539C500D5559D /* OpenGL.framework */ = {isa = PBXFileReference; lastKnownFileType = wrapper.framework; name = OpenGL.framework; path = System/Library/Frameworks/OpenGL.framework; sourceTree = SDKROOT; };
		AECB8B232B8539C500D5559D /* GLUT.framework */ = {isa = PBXFileReference; lastKnownFileType = wrapper.framework; name = GLUT.framework; path = System/Library/Frameworks/GLUT.framework; sourceTree = SDKROOT; };
		AECB8B272B853C7D00D5559D /* Main.cpp */ = {isa = PBXFileReference; fileEncoding = 4; lastKnownFileType = sourcecode.cpp.cpp; name = Main.cpp; path = ../../Main.cpp; sourceTree = "<group>"; };
		AEFECCDC2BA7748A008596DD /* ShaderManager.cpp */ = {isa = PBXFileReference; fileEncoding = 4; lastKnownFileType = sourcecode.cpp.cpp; name = ShaderManager.cpp; path = ../../ShaderManager.cpp; sourceTree = "<group>"; };
		AEFECCDD2BA7748A008596DD /* glad.c */ = {isa = PBXFileReference; fileEncoding = 4; lastKnownFileType = sourcecode.c.c; name = glad.c; path = ../../glad.c; sourceTree = "<group>"; };
		AEFECCDE2BA7748A008596DD /* ShaderManager.h */ = {isa = PBXFileReference; fileEncoding = 4; lastKnownFileType = sourcecode.c.h; name = ShaderManager.h; path = ../../ShaderManager.h; sourceTree = "<group>"; };
		AEFECCE12BA774B5008596DD /* libglfw.3.3.dylib */ = {isa = PBXFileReference; lastKnownFileType = "compiled.mach-o.dylib"; name = libglfw.3.3.dylib; path = ../../../../../../../../../opt/homebrew/Cellar/glfw/3.3.8/lib/libglfw.3.3.dylib; sourceTree = "<group>"; };
		AEFECCF12BA78B8D008596DD /* frag.glsl */ = {isa = PBXFileReference; fileEncoding = 4; lastKnownFileType = text; name = frag.glsl; path = ../../frag.glsl; sourceTree = "<group>"; };
		AEFECCF22BA78B8D008596DD /* VAO.cpp */ = {isa = PBXFileReference; fileEncoding = 4; lastKnownFileType = sourcecode.cpp.cpp; name = VAO.cpp; path = ../../VAO.cpp; sourceTree = "<group>"; };
		AEFECCF32BA78B8D008596DD /* VBO.h */ = {isa = PBXFileReference; fileEncoding = 4; lastKnownFileType = sourcecode.c.h; name = VBO.h; path = ../../VBO.h; sourceTree = "<group>"; };
		AEFECCF42BA78B8D008596DD /* VAO.h */ = {isa = PBXFileReference; fileEncoding = 4; lastKnownFileType = sourcecode.c.h; name = VAO.h; path = ../../VAO.h; sourceTree = "<group>"; };
		AEFECCF52BA78B8D008596DD /* vert.glsl */ = {isa = PBXFileReference; fileEncoding = 4; lastKnownFileType = text; name = vert.glsl; path = ../../vert.glsl; sourceTree = "<group>"; };
		AEFECCF62BA78B8D008596DD /* EBO.cpp */ = {isa = PBXFileReference; fileEncoding = 4; lastKnownFileType = sourcecode.cpp.cpp; name = EBO.cpp; path = ../../EBO.cpp; sourceTree = "<group>"; };
		AEFECCF72BA78B8D008596DD /* VBO.cpp */ = {isa = PBXFileReference; fileEncoding = 4; lastKnownFileType = sourcecode.cpp.cpp; name = VBO.cpp; path = ../../VBO.cpp; sourceTree = "<group>"; };
		AEFECCF82BA78B8D008596DD /* EBO.h */ = {isa = PBXFileReference; fileEncoding = 4; lastKnownFileType = sourcecode.c.h; name = EBO.h; path = ../../EBO.h; sourceTree = "<group>"; };
/* End PBXFileReference section */

/* Begin PBXFrameworksBuildPhase section */
		AECB8B142B8539A900D5559D /* Frameworks */ = {
			isa = PBXFrameworksBuildPhase;
			buildActionMask = 2147483647;
			files = (
				AEFECCE22BA774B5008596DD /* libglfw.3.3.dylib in Frameworks */,
				AECB8B242B8539C500D5559D /* OpenGL.framework in Frameworks */,
			);
			runOnlyForDeploymentPostprocessing = 0;
		};
/* End PBXFrameworksBuildPhase section */

/* Begin PBXGroup section */
		AECB8B0E2B8539A900D5559D = {
			isa = PBXGroup;
			children = (
				AECB8B192B8539A900D5559D /* FPOS */,
				AECB8B182B8539A900D5559D /* Products */,
				AECB8B212B8539C500D5559D /* Frameworks */,
			);
			sourceTree = "<group>";
		};
		AECB8B182B8539A900D5559D /* Products */ = {
			isa = PBXGroup;
			children = (
				AECB8B172B8539A900D5559D /* FPOS */,
			);
			name = Products;
			sourceTree = "<group>";
		};
		AECB8B192B8539A900D5559D /* FPOS */ = {
			isa = PBXGroup;
			children = (
				AEFECCDD2BA7748A008596DD /* glad.c */,
				AEFECCDC2BA7748A008596DD /* ShaderManager.cpp */,
				AEFECCDE2BA7748A008596DD /* ShaderManager.h */,
				AECB8B272B853C7D00D5559D /* Main.cpp */,
				AEFECCF62BA78B8D008596DD /* EBO.cpp */,
				AEFECCF82BA78B8D008596DD /* EBO.h */,
				AEFECCF12BA78B8D008596DD /* frag.glsl */,
				AEFECCF22BA78B8D008596DD /* VAO.cpp */,
				AEFECCF42BA78B8D008596DD /* VAO.h */,
				AEFECCF72BA78B8D008596DD /* VBO.cpp */,
				AEFECCF32BA78B8D008596DD /* VBO.h */,
				AEFECCF52BA78B8D008596DD /* vert.glsl */,
			);
			path = FPOS;
			sourceTree = "<group>";
		};
		AECB8B212B8539C500D5559D /* Frameworks */ = {
			isa = PBXGroup;
			children = (
				AEFECCE12BA774B5008596DD /* libglfw.3.3.dylib */,
				AECB8B232B8539C500D5559D /* GLUT.framework */,
				AECB8B222B8539C500D5559D /* OpenGL.framework */,
			);
			name = Frameworks;
			sourceTree = "<group>";
		};
/* End PBXGroup section */

/* Begin PBXNativeTarget section */
		AECB8B162B8539A900D5559D /* FPOS */ = {
			isa = PBXNativeTarget;
			buildConfigurationList = AECB8B1E2B8539A900D5559D /* Build configuration list for PBXNativeTarget "FPOS" */;
			buildPhases = (
				AECB8B132B8539A900D5559D /* Sources */,
				AECB8B142B8539A900D5559D /* Frameworks */,
				AECB8B152B8539A900D5559D /* CopyFiles */,
				AEFECCE42BA774B5008596DD /* Embed Libraries */,
			);
			buildRules = (
			);
			dependencies = (
			);
			name = FPOS;
			productName = FPOS;
			productReference = AECB8B172B8539A900D5559D /* FPOS */;
			productType = "com.apple.product-type.tool";
		};
/* End PBXNativeTarget section */

/* Begin PBXProject section */
		AECB8B0F2B8539A900D5559D /* Project object */ = {
			isa = PBXProject;
			attributes = {
				BuildIndependentTargetsInParallel = 1;
				LastUpgradeCheck = 1520;
				TargetAttributes = {
					AECB8B162B8539A900D5559D = {
						CreatedOnToolsVersion = 15.2;
					};
				};
			};
			buildConfigurationList = AECB8B122B8539A900D5559D /* Build configuration list for PBXProject "FPOS" */;
			compatibilityVersion = "Xcode 14.0";
			developmentRegion = en;
			hasScannedForEncodings = 0;
			knownRegions = (
				en,
				Base,
			);
			mainGroup = AECB8B0E2B8539A900D5559D;
			productRefGroup = AECB8B182B8539A900D5559D /* Products */;
			projectDirPath = "";
			projectRoot = "";
			targets = (
				AECB8B162B8539A900D5559D /* FPOS */,
			);
		};
/* End PBXProject section */

/* Begin PBXSourcesBuildPhase section */
		AECB8B132B8539A900D5559D /* Sources */ = {
			isa = PBXSourcesBuildPhase;
			buildActionMask = 2147483647;
			files = (
				AEFECCDF2BA7748A008596DD /* ShaderManager.cpp in Sources */,
				AECB8B282B853C7D00D5559D /* Main.cpp in Sources */,
				AEFECCF92BA78B8D008596DD /* VAO.cpp in Sources */,
				AEFECCFB2BA78B8D008596DD /* VBO.cpp in Sources */,
				AEFECCFA2BA78B8D008596DD /* EBO.cpp in Sources */,
				AEFECCE02BA7748A008596DD /* glad.c in Sources */,
			);
			runOnlyForDeploymentPostprocessing = 0;
		};
/* End PBXSourcesBuildPhase section */

/* Begin XCBuildConfiguration section */
		AECB8B1C2B8539A900D5559D /* Debug */ = {
			isa = XCBuildConfiguration;
			buildSettings = {
				ALWAYS_SEARCH_USER_PATHS = NO;
				ASSETCATALOG_COMPILER_GENERATE_SWIFT_ASSET_SYMBOL_EXTENSIONS = YES;
				CLANG_ANALYZER_NONNULL = YES;
				CLANG_ANALYZER_NUMBER_OBJECT_CONVERSION = YES_AGGRESSIVE;
				CLANG_CXX_LANGUAGE_STANDARD = "gnu++20";
				CLANG_ENABLE_MODULES = YES;
				CLANG_ENABLE_OBJC_ARC = YES;
				CLANG_ENABLE_OBJC_WEAK = YES;
				CLANG_WARN_BLOCK_CAPTURE_AUTORELEASING = YES;
				CLANG_WARN_BOOL_CONVERSION = YES;
				CLANG_WARN_COMMA = YES;
				CLANG_WARN_CONSTANT_CONVERSION = YES;
				CLANG_WARN_DEPRECATED_OBJC_IMPLEMENTATIONS = YES;
				CLANG_WARN_DIRECT_OBJC_ISA_USAGE = YES_ERROR;
				CLANG_WARN_DOCUMENTATION_COMMENTS = YES;
				CLANG_WARN_EMPTY_BODY = YES;
				CLANG_WARN_ENUM_CONVERSION = YES;
				CLANG_WARN_INFINITE_RECURSION = YES;
				CLANG_WARN_INT_CONVERSION = YES;
				CLANG_WARN_NON_LITERAL_NULL_CONVERSION = YES;
				CLANG_WARN_OBJC_IMPLICIT_RETAIN_SELF = YES;
				CLANG_WARN_OBJC_LITERAL_CONVERSION = YES;
				CLANG_WARN_OBJC_ROOT_CLASS = YES_ERROR;
				CLANG_WARN_QUOTED_INCLUDE_IN_FRAMEWORK_HEADER = YES;
				CLANG_WARN_RANGE_LOOP_ANALYSIS = YES;
				CLANG_WARN_STRICT_PROTOTYPES = YES;
				CLANG_WARN_SUSPICIOUS_MOVE = YES;
				CLANG_WARN_UNGUARDED_AVAILABILITY = YES_AGGRESSIVE;
				CLANG_WARN_UNREACHABLE_CODE = YES;
				CLANG_WARN__DUPLICATE_METHOD_MATCH = YES;
				COPY_PHASE_STRIP = NO;
				DEBUG_INFORMATION_FORMAT = dwarf;
				ENABLE_STRICT_OBJC_MSGSEND = YES;
				ENABLE_TESTABILITY = YES;
				ENABLE_USER_SCRIPT_SANDBOXING = YES;
				GCC_C_LANGUAGE_STANDARD = gnu17;
				GCC_DYNAMIC_NO_PIC = NO;
				GCC_NO_COMMON_BLOCKS = YES;
				GCC_OPTIMIZATION_LEVEL = 0;
				GCC_PREPROCESSOR_DEFINITIONS = (
					"DEBUG=1",
					"$(inherited)",
				);
				GCC_WARN_64_TO_32_BIT_CONVERSION = YES;
				GCC_WARN_ABOUT_RETURN_TYPE = YES_ERROR;
				GCC_WARN_UNDECLARED_SELECTOR = YES;
				GCC_WARN_UNINITIALIZED_AUTOS = YES_AGGRESSIVE;
				GCC_WARN_UNUSED_FUNCTION = YES;
				GCC_WARN_UNUSED_VARIABLE = YES;
				LOCALIZATION_PREFERS_STRING_CATALOGS = YES;
				MACOSX_DEPLOYMENT_TARGET = 14.0;
				MTL_ENABLE_DEBUG_INFO = INCLUDE_SOURCE;
				MTL_FAST_MATH = YES;
				ONLY_ACTIVE_ARCH = YES;
				SDKROOT = macosx;
			};
			name = Debug;
		};
		AECB8B1D2B8539A900D5559D /* Release */ = {
			isa = XCBuildConfiguration;
			buildSettings = {
				ALWAYS_SEARCH_USER_PATHS = NO;
				ASSETCATALOG_COMPILER_GENERATE_SWIFT_ASSET_SYMBOL_EXTENSIONS = YES;
				CLANG_ANALYZER_NONNULL = YES;
				CLANG_ANALYZER_NUMBER_OBJECT_CONVERSION = YES_AGGRESSIVE;
				CLANG_CXX_LANGUAGE_STANDARD = "gnu++20";
				CLANG_ENABLE_MODULES = YES;
				CLANG_ENABLE_OBJC_ARC = YES;
				CLANG_ENABLE_OBJC_WEAK = YES;
				CLANG_WARN_BLOCK_CAPTURE_AUTORELEASING = YES;
				CLANG_WARN_BOOL_CONVERSION = YES;
				CLANG_WARN_COMMA = YES;
				CLANG_WARN_CONSTANT_CONVERSION = YES;
				CLANG_WARN_DEPRECATED_OBJC_IMPLEMENTATIONS = YES;
				CLANG_WARN_DIRECT_OBJC_ISA_USAGE = YES_ERROR;
				CLANG_WARN_DOCUMENTATION_COMMENTS = YES;
				CLANG_WARN_EMPTY_BODY = YES;
				CLANG_WARN_ENUM_CONVERSION = YES;
				CLANG_WARN_INFINITE_RECURSION = YES;
				CLANG_WARN_INT_CONVERSION = YES;
				CLANG_WARN_NON_LITERAL_NULL_CONVERSION = YES;
				CLANG_WARN_OBJC_IMPLICIT_RETAIN_SELF = YES;
				CLANG_WARN_OBJC_LITERAL_CONVERSION = YES;
				CLANG_WARN_OBJC_ROOT_CLASS = YES_ERROR;
				CLANG_WARN_QUOTED_INCLUDE_IN_FRAMEWORK_HEADER = YES;
				CLANG_WARN_RANGE_LOOP_ANALYSIS = YES;
				CLANG_WARN_STRICT_PROTOTYPES = YES;
				CLANG_WARN_SUSPICIOUS_MOVE = YES;
				CLANG_WARN_UNGUARDED_AVAILABILITY = YES_AGGRESSIVE;
				CLANG_WARN_UNREACHABLE_CODE = YES;
				CLANG_WARN__DUPLICATE_METHOD_MATCH = YES;
				COPY_PHASE_STRIP = NO;
				DEBUG_INFORMATION_FORMAT = "dwarf-with-dsym";
				ENABLE_NS_ASSERTIONS = NO;
				ENABLE_STRICT_OBJC_MSGSEND = YES;
				ENABLE_USER_SCRIPT_SANDBOXING = YES;
				GCC_C_LANGUAGE_STANDARD = gnu17;
				GCC_NO_COMMON_BLOCKS = YES;
				GCC_WARN_64_TO_32_BIT_CONVERSION = YES;
				GCC_WARN_ABOUT_RETURN_TYPE = YES_ERROR;
				GCC_WARN_UNDECLARED_SELECTOR = YES;
				GCC_WARN_UNINITIALIZED_AUTOS = YES_AGGRESSIVE;
				GCC_WARN_UNUSED_FUNCTION = YES;
				GCC_WARN_UNUSED_VARIABLE = YES;
				LOCALIZATION_PREFERS_STRING_CATALOGS = YES;
				MACOSX_DEPLOYMENT_TARGET = 14.0;
				MTL_ENABLE_DEBUG_INFO = NO;
				MTL_FAST_MATH = YES;
				SDKROOT = macosx;
			};
			name = Release;
		};
		AECB8B1F2B8539A900D5559D /* Debug */ = {
			isa = XCBuildConfiguration;
			buildSettings = {
				CODE_SIGN_STYLE = Automatic;
				HEADER_SEARCH_PATHS = (
					"\"$(SRCROOT)/../../Dependencies\"",
					"\"$(SRCROOT)/../../Dependencies/glad/include\"",
				);
				LIBRARY_SEARCH_PATHS = (
					"$(inherited)",
					/opt/homebrew/Cellar/glfw/3.3.8/lib,
				);
				PRODUCT_NAME = "$(TARGET_NAME)";
				WARNING_CFLAGS = "";
			};
			name = Debug;
		};
		AECB8B202B8539A900D5559D /* Release */ = {
			isa = XCBuildConfiguration;
			buildSettings = {
				CODE_SIGN_STYLE = Automatic;
				HEADER_SEARCH_PATHS = (
					"\"$(SRCROOT)/../../Dependencies\"",
					"\"$(SRCROOT)/../../Dependencies/glad/include\"",
				);
				LIBRARY_SEARCH_PATHS = (
					"$(inherited)",
					/opt/homebrew/Cellar/glfw/3.3.8/lib,
				);
				PRODUCT_NAME = "$(TARGET_NAME)";
				WARNING_CFLAGS = "";
			};
			name = Release;
		};
/* End XCBuildConfiguration section */

/* Begin XCConfigurationList section */
		AECB8B122B8539A900D5559D /* Build configuration list for PBXProject "FPOS" */ = {
			isa = XCConfigurationList;
			buildConfigurations = (
				AECB8B1C2B8539A900D5559D /* Debug */,
				AECB8B1D2B8539A900D5559D /* Release */,
			);
			defaultConfigurationIsVisible = 0;
			defaultConfigurationName = Release;
		};
		AECB8B1E2B8539A900D5559D /* Build configuration list for PBXNativeTarget "FPOS" */ = {
			isa = XCConfigurationList;
			buildConfigurations = (
				AECB8B1F2B8539A900D5559D /* Debug */,
				AECB8B202B8539A900D5559D /* Release */,
			);
			defaultConfigurationIsVisible = 0;
			defaultConfigurationName = Release;
		};
/* End XCConfigurationList section */
	};
	rootObject = AECB8B0F2B8539A900D5559D /* Project object */;
}
