
Microsoft Visual Studio Solution File, Format Version 12.00
# Visual Studio Version 17
VisualStudioVersion = 17.7.34024.191
MinimumVisualStudioVersion = 10.0.40219.1
Project("{8BC9CEB8-8B4A-11D0-8D11-00A0C91BC942}") = "FPS Game", "FPS Game\FPS Game.vcxproj", "{CC1FD930-48A9-484D-B8F6-44E3C1E6A6D5}"
EndProject
Global
	GlobalSection(SolutionConfigurationPlatforms) = preSolution
		Debug|x64 = Debug|x64
		Debug|x86 = Debug|x86
		Release|x64 = Release|x64
		Release|x86 = Release|x86
	EndGlobalSection
	GlobalSection(ProjectConfigurationPlatforms) = postSolution
		{CC1FD930-48A9-484D-B8F6-44E3C1E6A6D5}.Debug|x64.ActiveCfg = Debug|x64
		{CC1FD930-48A9-484D-B8F6-44E3C1E6A6D5}.Debug|x64.Build.0 = Debug|x64
		{CC1FD930-48A9-484D-B8F6-44E3C1E6A6D5}.Debug|x86.ActiveCfg = Debug|Win32
		{CC1FD930-48A9-484D-B8F6-44E3C1E6A6D5}.Debug|x86.Build.0 = Debug|Win32
		{CC1FD930-48A9-484D-B8F6-44E3C1E6A6D5}.Release|x64.ActiveCfg = Release|x64
		{CC1FD930-48A9-484D-B8F6-44E3C1E6A6D5}.Release|x64.Build.0 = Release|x64
		{CC1FD930-48A9-484D-B8F6-44E3C1E6A6D5}.Release|x86.ActiveCfg = Release|Win32
		{CC1FD930-48A9-484D-B8F6-44E3C1E6A6D5}.Release|x86.Build.0 = Release|Win32
	EndGlobalSection
	GlobalSection(SolutionProperties) = preSolution
		HideSolutionNode = FALSE
	EndGlobalSection
	GlobalSection(ExtensibilityGlobals) = postSolution
		SolutionGuid = {D70ECC7B-7662-49E9-AA88-70CFF8FC798E}
	EndGlobalSection
EndGlobal
