<?xml version="1.0" encoding="utf-8"?>
<Project ToolsVersion="4.0" xmlns="http://schemas.microsoft.com/developer/msbuild/2003">
  <ItemGroup>
    <Filter Include="Source Files">
      <UniqueIdentifier>{4FC737F1-C7A5-4376-A066-2A32D752A2FF}</UniqueIdentifier>
      <Extensions>cpp;c;cc;cxx;c++;cppm;ixx;def;odl;idl;hpj;bat;asm;asmx</Extensions>
    </Filter>
    <Filter Include="Header Files">
      <UniqueIdentifier>{93995380-89BD-4b04-88EB-625FBE52EBFB}</UniqueIdentifier>
      <Extensions>h;hh;hpp;hxx;h++;hm;inl;inc;ipp;xsd</Extensions>
    </Filter>
    <Filter Include="Resource Files">
      <UniqueIdentifier>{67DA6AB6-F800-4c08-8B7A-83BB121AAD01}</UniqueIdentifier>
      <Extensions>rc;ico;cur;bmp;dlg;rc2;rct;bin;rgs;gif;jpg;jpeg;jpe;resx;tiff;tif;png;wav;mfcribbon-ms</Extensions>
    </Filter>
  </ItemGroup>
  <ItemGroup>
    <ClCompile Include="Voomer\Voomer\WADLoader.cpp">
      <Filter>Source Files</Filter>
    </ClCompile>
    <ClCompile Include="Voomer\Voomer\WADReader.cpp">
      <Filter>Source Files</Filter>
    </ClCompile>
    <ClCompile Include="Voomer\Voomer\DoomEngine.cpp">
      <Filter>Source Files</Filter>
    </ClCompile>
    <ClCompile Include="Voomer\Voomer\Game.cpp">
      <Filter>Source Files</Filter>
    </ClCompile>
    <ClCompile Include="Voomer\Voomer\Map.cpp">
      <Filter>Source Files</Filter>
    </ClCompile>
    <ClCompile Include="Voomer\Voomer\Main.cpp">
      <Filter>Source Files</Filter>
    </ClCompile>
    <ClCompile Include="Voomer\Voomer\Angle.cpp">
      <Filter>Source Files</Filter>
    </ClCompile>
    <ClCompile Include="Voomer\Voomer\Player.cpp">
      <Filter>Source Files</Filter>
    </ClCompile>
    <ClCompile Include="Voomer\Voomer\ViewRenderer.cpp">
      <Filter>Source Files</Filter>
    </ClCompile>
  </ItemGroup>
  <ItemGroup>
    <ClInclude Include="Voomer\Voomer\DataTypes.h">
      <Filter>Header Files</Filter>
    </ClInclude>
    <ClInclude Include="Voomer\Voomer\DoomEngine.h">
      <Filter>Header Files</Filter>
    </ClInclude>
    <ClInclude Include="Voomer\Voomer\Game.h">
      <Filter>Header Files</Filter>
    </ClInclude>
    <ClInclude Include="Voomer\Voomer\Map.h">
      <Filter>Header Files</Filter>
    </ClInclude>
    <ClInclude Include="Voomer\Voomer\Settings.h">
      <Filter>Header Files</Filter>
    </ClInclude>
    <ClInclude Include="Voomer\Voomer\WADLoader.h">
      <Filter>Header Files</Filter>
    </ClInclude>
    <ClInclude Include="Voomer\Voomer\WADReader.h">
      <Filter>Header Files</Filter>
    </ClInclude>
    <ClInclude Include="Voomer\Voomer\Player.h">
      <Filter>Header Files</Filter>
    </ClInclude>
    <ClInclude Include="Voomer\Voomer\ViewRenderer.h">
      <Filter>Header Files</Filter>
    </ClInclude>
    <ClInclude Include="Voomer\Voomer\Angle.h">
      <Filter>Header Files</Filter>
    </ClInclude>
  </ItemGroup>
</Project>