// !$*UTF8*$!
{
	archiveVersion = 1;
	classes = {
	};
	objectVersion = 56;
	objects = {

/* Begin PBXBuildFile section */
		AE50169B2B8D0C3400866721 /* Main.cpp in Sources */ = {isa = PBXBuildFile; fileRef = AE50169A2B8D0C3400866721 /* Main.cpp */; };
		AEB8DCBE2BC33C440020BE0C /* WADLoader.cpp in Sources */ = {isa = PBXBuildFile; fileRef = AEB8DCBD2BC33C440020BE0C /* WADLoader.cpp */; };
		AEB8DCC22BC3401B0020BE0C /* WADReader.cpp in Sources */ = {isa = PBXBuildFile; fileRef = AEB8DCC12BC3401B0020BE0C /* WADReader.cpp */; };
		AECB8B072B8295EF00D5559D /* libSDL2-2.0.0.dylib in Frameworks */ = {isa = PBXBuildFile; fileRef = AEB446D62B781D3100BFE059 /* libSDL2-2.0.0.dylib */; };
		AECB8B082B8295EF00D5559D /* libSDL2-2.0.0.dylib in Embed Libraries */ = {isa = PBXBuildFile; fileRef = AEB446D62B781D3100BFE059 /* libSDL2-2.0.0.dylib */; settings = {ATTRIBUTES = (CodeSignOnCopy, ); }; };
		AECB8B0B2B8296D600D5559D /* libSDL2_image-2.0.0.dylib in Frameworks */ = {isa = PBXBuildFile; fileRef = AECB8B0A2B8296D600D5559D /* libSDL2_image-2.0.0.dylib */; };
		AECB8B0C2B8296D600D5559D /* libSDL2_image-2.0.0.dylib in Embed Libraries */ = {isa = PBXBuildFile; fileRef = AECB8B0A2B8296D600D5559D /* libSDL2_image-2.0.0.dylib */; settings = {ATTRIBUTES = (CodeSignOnCopy, ); }; };
		AEE91F972BC34CCB00AC5198 /* Map.cpp in Sources */ = {isa = PBXBuildFile; fileRef = AEE91F962BC34CCB00AC5198 /* Map.cpp */; };
/* End PBXBuildFile section */

/* Begin PBXCopyFilesBuildPhase section */
		AE5170F02B59A4CE00ACFA5E /* CopyFiles */ = {
			isa = PBXCopyFilesBuildPhase;
			buildActionMask = 2147483647;
			dstPath = /usr/share/man/man1/;
			dstSubfolderSpec = 0;
			files = (
			);
			runOnlyForDeploymentPostprocessing = 1;
		};
		AECB8B092B8295EF00D5559D /* Embed Libraries */ = {
			isa = PBXCopyFilesBuildPhase;
			buildActionMask = 2147483647;
			dstPath = "";
			dstSubfolderSpec = 10;
			files = (
				AECB8B0C2B8296D600D5559D /* libSDL2_image-2.0.0.dylib in Embed Libraries */,
				AECB8B082B8295EF00D5559D /* libSDL2-2.0.0.dylib in Embed Libraries */,
			);
			name = "Embed Libraries";
			runOnlyForDeploymentPostprocessing = 0;
		};
/* End PBXCopyFilesBuildPhase section */

/* Begin PBXFileReference section */
		AE50169A2B8D0C3400866721 /* Main.cpp */ = {isa = PBXFileReference; lastKnownFileType = sourcecode.cpp.cpp; path = Main.cpp; sourceTree = "<group>"; };
		AE5170F22B59A4CE00ACFA5E /* Voomer */ = {isa = PBXFileReference; explicitFileType = "compiled.mach-o.executable"; includeInIndex = 0; path = Voomer; sourceTree = BUILT_PRODUCTS_DIR; };
		AE5171122B59A91800ACFA5E /* libSDL2.dylib */ = {isa = PBXFileReference; lastKnownFileType = "compiled.mach-o.dylib"; name = libSDL2.dylib; path = ../../../../../../../../../opt/homebrew/Cellar/sdl2/2.28.2/lib/libSDL2.dylib; sourceTree = "<group>"; };
		AE5A66FC2B5AFEAD003671E4 /* wad */ = {isa = PBXFileReference; lastKnownFileType = folder; path = wad; sourceTree = "<group>"; };
		AEB446CE2B7417B100BFE059 /* GLUT.framework */ = {isa = PBXFileReference; lastKnownFileType = wrapper.framework; name = GLUT.framework; path = System/Library/Frameworks/GLUT.framework; sourceTree = SDKROOT; };
		AEB446D02B7417B500BFE059 /* OpenGL.framework */ = {isa = PBXFileReference; lastKnownFileType = wrapper.framework; name = OpenGL.framework; path = System/Library/Frameworks/OpenGL.framework; sourceTree = SDKROOT; };
		AEB446D62B781D3100BFE059 /* libSDL2-2.0.0.dylib */ = {isa = PBXFileReference; lastKnownFileType = "compiled.mach-o.dylib"; name = "libSDL2-2.0.0.dylib"; path = "../../../../../../../../../opt/homebrew/Cellar/sdl2/2.28.2/lib/libSDL2-2.0.0.dylib"; sourceTree = "<group>"; };
		AEB8DCBC2BC33C2C0020BE0C /* WADLoader.h */ = {isa = PBXFileReference; lastKnownFileType = sourcecode.c.h; path = WADLoader.h; sourceTree = "<group>"; };
		AEB8DCBD2BC33C440020BE0C /* WADLoader.cpp */ = {isa = PBXFileReference; lastKnownFileType = sourcecode.cpp.cpp; path = WADLoader.cpp; sourceTree = "<group>"; };
		AEB8DCBF2BC33CFF0020BE0C /* DataTypes.h */ = {isa = PBXFileReference; lastKnownFileType = sourcecode.c.h; path = DataTypes.h; sourceTree = "<group>"; };
		AEB8DCC02BC3400E0020BE0C /* WADReader.h */ = {isa = PBXFileReference; lastKnownFileType = sourcecode.c.h; path = WADReader.h; sourceTree = "<group>"; };
		AEB8DCC12BC3401B0020BE0C /* WADReader.cpp */ = {isa = PBXFileReference; lastKnownFileType = sourcecode.cpp.cpp; path = WADReader.cpp; sourceTree = "<group>"; };
		AECB8B0A2B8296D600D5559D /* libSDL2_image-2.0.0.dylib */ = {isa = PBXFileReference; lastKnownFileType = "compiled.mach-o.dylib"; name = "libSDL2_image-2.0.0.dylib"; path = "../../../../../../../../../opt/homebrew/Cellar/sdl2_image/2.6.3_2/lib/libSDL2_image-2.0.0.dylib"; sourceTree = "<group>"; };
		AEE91F952BC34CC100AC5198 /* Map.h */ = {isa = PBXFileReference; lastKnownFileType = sourcecode.c.h; path = Map.h; sourceTree = "<group>"; };
		AEE91F962BC34CCB00AC5198 /* Map.cpp */ = {isa = PBXFileReference; lastKnownFileType = sourcecode.cpp.cpp; path = Map.cpp; sourceTree = "<group>"; };
/* End PBXFileReference section */

/* Begin PBXFrameworksBuildPhase section */
		AE5170EF2B59A4CE00ACFA5E /* Frameworks */ = {
			isa = PBXFrameworksBuildPhase;
			buildActionMask = 2147483647;
			files = (
				AECB8B0B2B8296D600D5559D /* libSDL2_image-2.0.0.dylib in Frameworks */,
				AECB8B072B8295EF00D5559D /* libSDL2-2.0.0.dylib in Frameworks */,
			);
			runOnlyForDeploymentPostprocessing = 0;
		};
/* End PBXFrameworksBuildPhase section */

/* Begin PBXGroup section */
		AE5170E92B59A4CE00ACFA5E = {
			isa = PBXGroup;
			children = (
				AE5170F42B59A4CE00ACFA5E /* Voomer */,
				AE5170F32B59A4CE00ACFA5E /* Products */,
				AE5171112B59A91800ACFA5E /* Frameworks */,
			);
			sourceTree = "<group>";
		};
		AE5170F32B59A4CE00ACFA5E /* Products */ = {
			isa = PBXGroup;
			children = (
				AE5170F22B59A4CE00ACFA5E /* Voomer */,
			);
			name = Products;
			sourceTree = "<group>";
		};
		AE5170F42B59A4CE00ACFA5E /* Voomer */ = {
			isa = PBXGroup;
			children = (
				AE5A66FC2B5AFEAD003671E4 /* wad */,
				AE50169A2B8D0C3400866721 /* Main.cpp */,
				AEB8DCBC2BC33C2C0020BE0C /* WADLoader.h */,
				AEB8DCBD2BC33C440020BE0C /* WADLoader.cpp */,
				AEB8DCBF2BC33CFF0020BE0C /* DataTypes.h */,
				AEB8DCC02BC3400E0020BE0C /* WADReader.h */,
				AEB8DCC12BC3401B0020BE0C /* WADReader.cpp */,
				AEE91F952BC34CC100AC5198 /* Map.h */,
				AEE91F962BC34CCB00AC5198 /* Map.cpp */,
			);
			path = Voomer;
			sourceTree = "<group>";
		};
		AE5171112B59A91800ACFA5E /* Frameworks */ = {
			isa = PBXGroup;
			children = (
				AECB8B0A2B8296D600D5559D /* libSDL2_image-2.0.0.dylib */,
				AEB446D62B781D3100BFE059 /* libSDL2-2.0.0.dylib */,
				AEB446D02B7417B500BFE059 /* OpenGL.framework */,
				AEB446CE2B7417B100BFE059 /* GLUT.framework */,
				AE5171122B59A91800ACFA5E /* libSDL2.dylib */,
			);
			name = Frameworks;
			sourceTree = "<group>";
		};
/* End PBXGroup section */

/* Begin PBXNativeTarget section */
		AE5170F12B59A4CE00ACFA5E /* Voomer */ = {
			isa = PBXNativeTarget;
			buildConfigurationList = AE5170F92B59A4CE00ACFA5E /* Build configuration list for PBXNativeTarget "Voomer" */;
			buildPhases = (
				AE5170EE2B59A4CE00ACFA5E /* Sources */,
				AE5170EF2B59A4CE00ACFA5E /* Frameworks */,
				AE5170F02B59A4CE00ACFA5E /* CopyFiles */,
				AECB8B092B8295EF00D5559D /* Embed Libraries */,
			);
			buildRules = (
			);
			dependencies = (
			);
			name = Voomer;
			productName = Voomer;
			productReference = AE5170F22B59A4CE00ACFA5E /* Voomer */;
			productType = "com.apple.product-type.tool";
		};
/* End PBXNativeTarget section */

/* Begin PBXProject section */
		AE5170EA2B59A4CE00ACFA5E /* Project object */ = {
			isa = PBXProject;
			attributes = {
				BuildIndependentTargetsInParallel = 1;
				LastUpgradeCheck = 1500;
				TargetAttributes = {
					AE5170F12B59A4CE00ACFA5E = {
						CreatedOnToolsVersion = 15.0;
					};
				};
			};
			buildConfigurationList = AE5170ED2B59A4CE00ACFA5E /* Build configuration list for PBXProject "Voomer" */;
			compatibilityVersion = "Xcode 14.0";
			developmentRegion = en;
			hasScannedForEncodings = 0;
			knownRegions = (
				en,
				Base,
			);
			mainGroup = AE5170E92B59A4CE00ACFA5E;
			productRefGroup = AE5170F32B59A4CE00ACFA5E /* Products */;
			projectDirPath = "";
			projectRoot = "";
			targets = (
				AE5170F12B59A4CE00ACFA5E /* Voomer */,
			);
		};
/* End PBXProject section */

/* Begin PBXSourcesBuildPhase section */
		AE5170EE2B59A4CE00ACFA5E /* Sources */ = {
			isa = PBXSourcesBuildPhase;
			buildActionMask = 2147483647;
			files = (
				AE50169B2B8D0C3400866721 /* Main.cpp in Sources */,
				AEB8DCBE2BC33C440020BE0C /* WADLoader.cpp in Sources */,
				AEE91F972BC34CCB00AC5198 /* Map.cpp in Sources */,
				AEB8DCC22BC3401B0020BE0C /* WADReader.cpp in Sources */,
			);
			runOnlyForDeploymentPostprocessing = 0;
		};
/* End PBXSourcesBuildPhase section */

/* Begin XCBuildConfiguration section */
		AE5170F72B59A4CE00ACFA5E /* Debug */ = {
			isa = XCBuildConfiguration;
			buildSettings = {
				ALWAYS_SEARCH_USER_PATHS = NO;
				ASSETCATALOG_COMPILER_GENERATE_SWIFT_ASSET_SYMBOL_EXTENSIONS = YES;
				CLANG_ANALYZER_NONNULL = YES;
				CLANG_ANALYZER_NUMBER_OBJECT_CONVERSION = YES_AGGRESSIVE;
				CLANG_CXX_LANGUAGE_STANDARD = "gnu++20";
				CLANG_ENABLE_MODULES = YES;
				CLANG_ENABLE_OBJC_ARC = YES;
				CLANG_ENABLE_OBJC_WEAK = YES;
				CLANG_WARN_BLOCK_CAPTURE_AUTORELEASING = YES;
				CLANG_WARN_BOOL_CONVERSION = YES;
				CLANG_WARN_COMMA = YES;
				CLANG_WARN_CONSTANT_CONVERSION = YES;
				CLANG_WARN_DEPRECATED_OBJC_IMPLEMENTATIONS = YES;
				CLANG_WARN_DIRECT_OBJC_ISA_USAGE = YES_ERROR;
				CLANG_WARN_DOCUMENTATION_COMMENTS = YES;
				CLANG_WARN_EMPTY_BODY = YES;
				CLANG_WARN_ENUM_CONVERSION = YES;
				CLANG_WARN_INFINITE_RECURSION = YES;
				CLANG_WARN_INT_CONVERSION = YES;
				CLANG_WARN_NON_LITERAL_NULL_CONVERSION = YES;
				CLANG_WARN_OBJC_IMPLICIT_RETAIN_SELF = YES;
				CLANG_WARN_OBJC_LITERAL_CONVERSION = YES;
				CLANG_WARN_OBJC_ROOT_CLASS = YES_ERROR;
				CLANG_WARN_QUOTED_INCLUDE_IN_FRAMEWORK_HEADER = YES;
				CLANG_WARN_RANGE_LOOP_ANALYSIS = YES;
				CLANG_WARN_STRICT_PROTOTYPES = YES;
				CLANG_WARN_SUSPICIOUS_MOVE = YES;
				CLANG_WARN_UNGUARDED_AVAILABILITY = YES_AGGRESSIVE;
				CLANG_WARN_UNREACHABLE_CODE = YES;
				CLANG_WARN__DUPLICATE_METHOD_MATCH = YES;
				COPY_PHASE_STRIP = NO;
				DEBUG_INFORMATION_FORMAT = dwarf;
				ENABLE_STRICT_OBJC_MSGSEND = YES;
				ENABLE_TESTABILITY = YES;
				ENABLE_USER_SCRIPT_SANDBOXING = YES;
				GCC_C_LANGUAGE_STANDARD = gnu17;
				GCC_DYNAMIC_NO_PIC = NO;
				GCC_NO_COMMON_BLOCKS = YES;
				GCC_OPTIMIZATION_LEVEL = 0;
				GCC_PREPROCESSOR_DEFINITIONS = (
					"DEBUG=1",
					"$(inherited)",
				);
				GCC_WARN_64_TO_32_BIT_CONVERSION = YES;
				GCC_WARN_ABOUT_RETURN_TYPE = YES_ERROR;
				GCC_WARN_UNDECLARED_SELECTOR = YES;
				GCC_WARN_UNINITIALIZED_AUTOS = YES_AGGRESSIVE;
				GCC_WARN_UNUSED_FUNCTION = YES;
				GCC_WARN_UNUSED_VARIABLE = YES;
				LOCALIZATION_PREFERS_STRING_CATALOGS = YES;
				MACOSX_DEPLOYMENT_TARGET = 14.0;
				MTL_ENABLE_DEBUG_INFO = INCLUDE_SOURCE;
				MTL_FAST_MATH = YES;
				ONLY_ACTIVE_ARCH = YES;
				SDKROOT = macosx;
			};
			name = Debug;
		};
		AE5170F82B59A4CE00ACFA5E /* Release */ = {
			isa = XCBuildConfiguration;
			buildSettings = {
				ALWAYS_SEARCH_USER_PATHS = NO;
				ASSETCATALOG_COMPILER_GENERATE_SWIFT_ASSET_SYMBOL_EXTENSIONS = YES;
				CLANG_ANALYZER_NONNULL = YES;
				CLANG_ANALYZER_NUMBER_OBJECT_CONVERSION = YES_AGGRESSIVE;
				CLANG_CXX_LANGUAGE_STANDARD = "gnu++20";
				CLANG_ENABLE_MODULES = YES;
				CLANG_ENABLE_OBJC_ARC = YES;
				CLANG_ENABLE_OBJC_WEAK = YES;
				CLANG_WARN_BLOCK_CAPTURE_AUTORELEASING = YES;
				CLANG_WARN_BOOL_CONVERSION = YES;
				CLANG_WARN_COMMA = YES;
				CLANG_WARN_CONSTANT_CONVERSION = YES;
				CLANG_WARN_DEPRECATED_OBJC_IMPLEMENTATIONS = YES;
				CLANG_WARN_DIRECT_OBJC_ISA_USAGE = YES_ERROR;
				CLANG_WARN_DOCUMENTATION_COMMENTS = YES;
				CLANG_WARN_EMPTY_BODY = YES;
				CLANG_WARN_ENUM_CONVERSION = YES;
				CLANG_WARN_INFINITE_RECURSION = YES;
				CLANG_WARN_INT_CONVERSION = YES;
				CLANG_WARN_NON_LITERAL_NULL_CONVERSION = YES;
				CLANG_WARN_OBJC_IMPLICIT_RETAIN_SELF = YES;
				CLANG_WARN_OBJC_LITERAL_CONVERSION = YES;
				CLANG_WARN_OBJC_ROOT_CLASS = YES_ERROR;
				CLANG_WARN_QUOTED_INCLUDE_IN_FRAMEWORK_HEADER = YES;
				CLANG_WARN_RANGE_LOOP_ANALYSIS = YES;
				CLANG_WARN_STRICT_PROTOTYPES = YES;
				CLANG_WARN_SUSPICIOUS_MOVE = YES;
				CLANG_WARN_UNGUARDED_AVAILABILITY = YES_AGGRESSIVE;
				CLANG_WARN_UNREACHABLE_CODE = YES;
				CLANG_WARN__DUPLICATE_METHOD_MATCH = YES;
				COPY_PHASE_STRIP = NO;
				DEBUG_INFORMATION_FORMAT = "dwarf-with-dsym";
				ENABLE_NS_ASSERTIONS = NO;
				ENABLE_STRICT_OBJC_MSGSEND = YES;
				ENABLE_USER_SCRIPT_SANDBOXING = YES;
				GCC_C_LANGUAGE_STANDARD = gnu17;
				GCC_NO_COMMON_BLOCKS = YES;
				GCC_WARN_64_TO_32_BIT_CONVERSION = YES;
				GCC_WARN_ABOUT_RETURN_TYPE = YES_ERROR;
				GCC_WARN_UNDECLARED_SELECTOR = YES;
				GCC_WARN_UNINITIALIZED_AUTOS = YES_AGGRESSIVE;
				GCC_WARN_UNUSED_FUNCTION = YES;
				GCC_WARN_UNUSED_VARIABLE = YES;
				LOCALIZATION_PREFERS_STRING_CATALOGS = YES;
				MACOSX_DEPLOYMENT_TARGET = 14.0;
				MTL_ENABLE_DEBUG_INFO = NO;
				MTL_FAST_MATH = YES;
				SDKROOT = macosx;
			};
			name = Release;
		};
		AE5170FA2B59A4CE00ACFA5E /* Debug */ = {
			isa = XCBuildConfiguration;
			buildSettings = {
				CODE_SIGN_STYLE = Automatic;
				DEVELOPMENT_ASSET_PATHS = Voomer/wad;
				HEADER_SEARCH_PATHS = "\"$(SRCROOT)/../Dependencies/SDL\"";
				INFOPLIST_OTHER_PREPROCESSOR_FLAGS = "";
				LIBRARY_SEARCH_PATHS = (
					/opt/homebrew/Cellar/sdl2/2.28.2/lib,
					/opt/homebrew/Cellar/sdl2_image/2.6.3_2/lib,
				);
				OTHER_LDFLAGS = "-v";
				PRODUCT_NAME = "$(TARGET_NAME)";
				WARNING_CFLAGS = "-w";
			};
			name = Debug;
		};
		AE5170FB2B59A4CE00ACFA5E /* Release */ = {
			isa = XCBuildConfiguration;
			buildSettings = {
				CODE_SIGN_STYLE = Automatic;
				DEVELOPMENT_ASSET_PATHS = Voomer/wad;
				HEADER_SEARCH_PATHS = "\"$(SRCROOT)/../Dependencies/SDL\"";
				INFOPLIST_OTHER_PREPROCESSOR_FLAGS = "";
				LIBRARY_SEARCH_PATHS = (
					/opt/homebrew/Cellar/sdl2/2.28.2/lib,
					/opt/homebrew/Cellar/sdl2_image/2.6.3_2/lib,
				);
				OTHER_LDFLAGS = "-v";
				PRODUCT_NAME = "$(TARGET_NAME)";
				WARNING_CFLAGS = "-w";
			};
			name = Release;
		};
/* End XCBuildConfiguration section */

/* Begin XCConfigurationList section */
		AE5170ED2B59A4CE00ACFA5E /* Build configuration list for PBXProject "Voomer" */ = {
			isa = XCConfigurationList;
			buildConfigurations = (
				AE5170F72B59A4CE00ACFA5E /* Debug */,
				AE5170F82B59A4CE00ACFA5E /* Release */,
			);
			defaultConfigurationIsVisible = 0;
			defaultConfigurationName = Release;
		};
		AE5170F92B59A4CE00ACFA5E /* Build configuration list for PBXNativeTarget "Voomer" */ = {
			isa = XCConfigurationList;
			buildConfigurations = (
				AE5170FA2B59A4CE00ACFA5E /* Debug */,
				AE5170FB2B59A4CE00ACFA5E /* Release */,
			);
			defaultConfigurationIsVisible = 0;
			defaultConfigurationName = Release;
		};
/* End XCConfigurationList section */
	};
	rootObject = AE5170EA2B59A4CE00ACFA5E /* Project object */;
}
