// !$*UTF8*$!
{
	archiveVersion = 1;
	classes = {
	};
	objectVersion = 56;
	objects = {

/* Begin PBXBuildFile section */
		AE51710A2B59A8BA00ACFA5E /* WADReader.cpp in Sources */ = {isa = PBXBuildFile; fileRef = AE5170FD2B59A8BA00ACFA5E /* WADReader.cpp */; };
		AE51710B2B59A8BA00ACFA5E /* Map.cpp in Sources */ = {isa = PBXBuildFile; fileRef = AE5170FF2B59A8BA00ACFA5E /* Map.cpp */; };
		AE51710C2B59A8BA00ACFA5E /* Player.cpp in Sources */ = {isa = PBXBuildFile; fileRef = AE5171002B59A8BA00ACFA5E /* Player.cpp */; };
		AE51710D2B59A8BA00ACFA5E /* WADLoader.cpp in Sources */ = {isa = PBXBuildFile; fileRef = AE5171012B59A8BA00ACFA5E /* WADLoader.cpp */; };
		AE51710E2B59A8BA00ACFA5E /* Main.cpp in Sources */ = {isa = PBXBuildFile; fileRef = AE5171052B59A8BA00ACFA5E /* Main.cpp */; };
		AE51710F2B59A8BA00ACFA5E /* Game.cpp in Sources */ = {isa = PBXBuildFile; fileRef = AE5171062B59A8BA00ACFA5E /* Game.cpp */; };
		AE5171102B59A8BA00ACFA5E /* DoomEngine.cpp in Sources */ = {isa = PBXBuildFile; fileRef = AE5171082B59A8BA00ACFA5E /* DoomEngine.cpp */; };
		AE5171132B59A91800ACFA5E /* libSDL2.dylib in Frameworks */ = {isa = PBXBuildFile; fileRef = AE5171122B59A91800ACFA5E /* libSDL2.dylib */; };
		AE5171142B59A91800ACFA5E /* libSDL2.dylib in Embed Libraries */ = {isa = PBXBuildFile; fileRef = AE5171122B59A91800ACFA5E /* libSDL2.dylib */; settings = {ATTRIBUTES = (CodeSignOnCopy, ); }; };
/* End PBXBuildFile section */

/* Begin PBXCopyFilesBuildPhase section */
		AE5170F02B59A4CE00ACFA5E /* CopyFiles */ = {
			isa = PBXCopyFilesBuildPhase;
			buildActionMask = 2147483647;
			dstPath = /usr/share/man/man1/;
			dstSubfolderSpec = 0;
			files = (
			);
			runOnlyForDeploymentPostprocessing = 1;
		};
		AE5171152B59A91800ACFA5E /* Embed Libraries */ = {
			isa = PBXCopyFilesBuildPhase;
			buildActionMask = 2147483647;
			dstPath = "";
			dstSubfolderSpec = 10;
			files = (
				AE5171142B59A91800ACFA5E /* libSDL2.dylib in Embed Libraries */,
			);
			name = "Embed Libraries";
			runOnlyForDeploymentPostprocessing = 0;
		};
/* End PBXCopyFilesBuildPhase section */

/* Begin PBXFileReference section */
		AE5170F22B59A4CE00ACFA5E /* Voomer */ = {isa = PBXFileReference; explicitFileType = "compiled.mach-o.executable"; includeInIndex = 0; path = Voomer; sourceTree = BUILT_PRODUCTS_DIR; };
		AE5170FC2B59A8BA00ACFA5E /* WADLoader.h */ = {isa = PBXFileReference; fileEncoding = 4; lastKnownFileType = sourcecode.c.h; name = WADLoader.h; path = ../../WADLoader.h; sourceTree = "<group>"; };
		AE5170FD2B59A8BA00ACFA5E /* WADReader.cpp */ = {isa = PBXFileReference; fileEncoding = 4; lastKnownFileType = sourcecode.cpp.cpp; name = WADReader.cpp; path = ../../WADReader.cpp; sourceTree = "<group>"; };
		AE5170FE2B59A8BA00ACFA5E /* Map.h */ = {isa = PBXFileReference; fileEncoding = 4; lastKnownFileType = sourcecode.c.h; name = Map.h; path = ../../Map.h; sourceTree = "<group>"; };
		AE5170FF2B59A8BA00ACFA5E /* Map.cpp */ = {isa = PBXFileReference; fileEncoding = 4; lastKnownFileType = sourcecode.cpp.cpp; name = Map.cpp; path = ../../Map.cpp; sourceTree = "<group>"; };
		AE5171002B59A8BA00ACFA5E /* Player.cpp */ = {isa = PBXFileReference; fileEncoding = 4; lastKnownFileType = sourcecode.cpp.cpp; name = Player.cpp; path = ../../Player.cpp; sourceTree = "<group>"; };
		AE5171012B59A8BA00ACFA5E /* WADLoader.cpp */ = {isa = PBXFileReference; fileEncoding = 4; lastKnownFileType = sourcecode.cpp.cpp; name = WADLoader.cpp; path = ../../WADLoader.cpp; sourceTree = "<group>"; };
		AE5171022B59A8BA00ACFA5E /* DataTypes.h */ = {isa = PBXFileReference; fileEncoding = 4; lastKnownFileType = sourcecode.c.h; name = DataTypes.h; path = ../../DataTypes.h; sourceTree = "<group>"; };
		AE5171032B59A8BA00ACFA5E /* Player.h */ = {isa = PBXFileReference; fileEncoding = 4; lastKnownFileType = sourcecode.c.h; name = Player.h; path = ../../Player.h; sourceTree = "<group>"; };
		AE5171042B59A8BA00ACFA5E /* Game.h */ = {isa = PBXFileReference; fileEncoding = 4; lastKnownFileType = sourcecode.c.h; name = Game.h; path = ../../Game.h; sourceTree = "<group>"; };
		AE5171052B59A8BA00ACFA5E /* Main.cpp */ = {isa = PBXFileReference; fileEncoding = 4; lastKnownFileType = sourcecode.cpp.cpp; name = Main.cpp; path = ../../Main.cpp; sourceTree = "<group>"; };
		AE5171062B59A8BA00ACFA5E /* Game.cpp */ = {isa = PBXFileReference; fileEncoding = 4; lastKnownFileType = sourcecode.cpp.cpp; name = Game.cpp; path = ../../Game.cpp; sourceTree = "<group>"; };
		AE5171072B59A8BA00ACFA5E /* DoomEngine.h */ = {isa = PBXFileReference; fileEncoding = 4; lastKnownFileType = sourcecode.c.h; name = DoomEngine.h; path = ../../DoomEngine.h; sourceTree = "<group>"; };
		AE5171082B59A8BA00ACFA5E /* DoomEngine.cpp */ = {isa = PBXFileReference; fileEncoding = 4; lastKnownFileType = sourcecode.cpp.cpp; name = DoomEngine.cpp; path = ../../DoomEngine.cpp; sourceTree = "<group>"; };
		AE5171092B59A8BA00ACFA5E /* WADReader.h */ = {isa = PBXFileReference; fileEncoding = 4; lastKnownFileType = sourcecode.c.h; name = WADReader.h; path = ../../WADReader.h; sourceTree = "<group>"; };
		AE5171122B59A91800ACFA5E /* libSDL2.dylib */ = {isa = PBXFileReference; lastKnownFileType = "compiled.mach-o.dylib"; name = libSDL2.dylib; path = ../../../../../../../../../opt/homebrew/Cellar/sdl2/2.28.2/lib/libSDL2.dylib; sourceTree = "<group>"; };
/* End PBXFileReference section */

/* Begin PBXFrameworksBuildPhase section */
		AE5170EF2B59A4CE00ACFA5E /* Frameworks */ = {
			isa = PBXFrameworksBuildPhase;
			buildActionMask = 2147483647;
			files = (
				AE5171132B59A91800ACFA5E /* libSDL2.dylib in Frameworks */,
			);
			runOnlyForDeploymentPostprocessing = 0;
		};
/* End PBXFrameworksBuildPhase section */

/* Begin PBXGroup section */
		AE5170E92B59A4CE00ACFA5E = {
			isa = PBXGroup;
			children = (
				AE5170F42B59A4CE00ACFA5E /* Voomer */,
				AE5170F32B59A4CE00ACFA5E /* Products */,
				AE5171112B59A91800ACFA5E /* Frameworks */,
			);
			sourceTree = "<group>";
		};
		AE5170F32B59A4CE00ACFA5E /* Products */ = {
			isa = PBXGroup;
			children = (
				AE5170F22B59A4CE00ACFA5E /* Voomer */,
			);
			name = Products;
			sourceTree = "<group>";
		};
		AE5170F42B59A4CE00ACFA5E /* Voomer */ = {
			isa = PBXGroup;
			children = (
				AE5171022B59A8BA00ACFA5E /* DataTypes.h */,
				AE5171082B59A8BA00ACFA5E /* DoomEngine.cpp */,
				AE5171072B59A8BA00ACFA5E /* DoomEngine.h */,
				AE5171062B59A8BA00ACFA5E /* Game.cpp */,
				AE5171042B59A8BA00ACFA5E /* Game.h */,
				AE5171052B59A8BA00ACFA5E /* Main.cpp */,
				AE5170FF2B59A8BA00ACFA5E /* Map.cpp */,
				AE5170FE2B59A8BA00ACFA5E /* Map.h */,
				AE5171002B59A8BA00ACFA5E /* Player.cpp */,
				AE5171032B59A8BA00ACFA5E /* Player.h */,
				AE5171012B59A8BA00ACFA5E /* WADLoader.cpp */,
				AE5170FC2B59A8BA00ACFA5E /* WADLoader.h */,
				AE5170FD2B59A8BA00ACFA5E /* WADReader.cpp */,
				AE5171092B59A8BA00ACFA5E /* WADReader.h */,
			);
			path = Voomer;
			sourceTree = "<group>";
		};
		AE5171112B59A91800ACFA5E /* Frameworks */ = {
			isa = PBXGroup;
			children = (
				AE5171122B59A91800ACFA5E /* libSDL2.dylib */,
			);
			name = Frameworks;
			sourceTree = "<group>";
		};
/* End PBXGroup section */

/* Begin PBXNativeTarget section */
		AE5170F12B59A4CE00ACFA5E /* Voomer */ = {
			isa = PBXNativeTarget;
			buildConfigurationList = AE5170F92B59A4CE00ACFA5E /* Build configuration list for PBXNativeTarget "Voomer" */;
			buildPhases = (
				AE5170EE2B59A4CE00ACFA5E /* Sources */,
				AE5170EF2B59A4CE00ACFA5E /* Frameworks */,
				AE5170F02B59A4CE00ACFA5E /* CopyFiles */,
				AE5171152B59A91800ACFA5E /* Embed Libraries */,
			);
			buildRules = (
			);
			dependencies = (
			);
			name = Voomer;
			productName = Voomer;
			productReference = AE5170F22B59A4CE00ACFA5E /* Voomer */;
			productType = "com.apple.product-type.tool";
		};
/* End PBXNativeTarget section */

/* Begin PBXProject section */
		AE5170EA2B59A4CE00ACFA5E /* Project object */ = {
			isa = PBXProject;
			attributes = {
				BuildIndependentTargetsInParallel = 1;
				LastUpgradeCheck = 1500;
				TargetAttributes = {
					AE5170F12B59A4CE00ACFA5E = {
						CreatedOnToolsVersion = 15.0;
					};
				};
			};
			buildConfigurationList = AE5170ED2B59A4CE00ACFA5E /* Build configuration list for PBXProject "Voomer" */;
			compatibilityVersion = "Xcode 14.0";
			developmentRegion = en;
			hasScannedForEncodings = 0;
			knownRegions = (
				en,
				Base,
			);
			mainGroup = AE5170E92B59A4CE00ACFA5E;
			productRefGroup = AE5170F32B59A4CE00ACFA5E /* Products */;
			projectDirPath = "";
			projectRoot = "";
			targets = (
				AE5170F12B59A4CE00ACFA5E /* Voomer */,
			);
		};
/* End PBXProject section */

/* Begin PBXSourcesBuildPhase section */
		AE5170EE2B59A4CE00ACFA5E /* Sources */ = {
			isa = PBXSourcesBuildPhase;
			buildActionMask = 2147483647;
			files = (
				AE51710B2B59A8BA00ACFA5E /* Map.cpp in Sources */,
				AE51710D2B59A8BA00ACFA5E /* WADLoader.cpp in Sources */,
				AE5171102B59A8BA00ACFA5E /* DoomEngine.cpp in Sources */,
				AE51710A2B59A8BA00ACFA5E /* WADReader.cpp in Sources */,
				AE51710F2B59A8BA00ACFA5E /* Game.cpp in Sources */,
				AE51710C2B59A8BA00ACFA5E /* Player.cpp in Sources */,
				AE51710E2B59A8BA00ACFA5E /* Main.cpp in Sources */,
			);
			runOnlyForDeploymentPostprocessing = 0;
		};
/* End PBXSourcesBuildPhase section */

/* Begin XCBuildConfiguration section */
		AE5170F72B59A4CE00ACFA5E /* Debug */ = {
			isa = XCBuildConfiguration;
			buildSettings = {
				ALWAYS_SEARCH_USER_PATHS = NO;
				ASSETCATALOG_COMPILER_GENERATE_SWIFT_ASSET_SYMBOL_EXTENSIONS = YES;
				CLANG_ANALYZER_NONNULL = YES;
				CLANG_ANALYZER_NUMBER_OBJECT_CONVERSION = YES_AGGRESSIVE;
				CLANG_CXX_LANGUAGE_STANDARD = "gnu++20";
				CLANG_ENABLE_MODULES = YES;
				CLANG_ENABLE_OBJC_ARC = YES;
				CLANG_ENABLE_OBJC_WEAK = YES;
				CLANG_WARN_BLOCK_CAPTURE_AUTORELEASING = YES;
				CLANG_WARN_BOOL_CONVERSION = YES;
				CLANG_WARN_COMMA = YES;
				CLANG_WARN_CONSTANT_CONVERSION = YES;
				CLANG_WARN_DEPRECATED_OBJC_IMPLEMENTATIONS = YES;
				CLANG_WARN_DIRECT_OBJC_ISA_USAGE = YES_ERROR;
				CLANG_WARN_DOCUMENTATION_COMMENTS = YES;
				CLANG_WARN_EMPTY_BODY = YES;
				CLANG_WARN_ENUM_CONVERSION = YES;
				CLANG_WARN_INFINITE_RECURSION = YES;
				CLANG_WARN_INT_CONVERSION = YES;
				CLANG_WARN_NON_LITERAL_NULL_CONVERSION = YES;
				CLANG_WARN_OBJC_IMPLICIT_RETAIN_SELF = YES;
				CLANG_WARN_OBJC_LITERAL_CONVERSION = YES;
				CLANG_WARN_OBJC_ROOT_CLASS = YES_ERROR;
				CLANG_WARN_QUOTED_INCLUDE_IN_FRAMEWORK_HEADER = YES;
				CLANG_WARN_RANGE_LOOP_ANALYSIS = YES;
				CLANG_WARN_STRICT_PROTOTYPES = YES;
				CLANG_WARN_SUSPICIOUS_MOVE = YES;
				CLANG_WARN_UNGUARDED_AVAILABILITY = YES_AGGRESSIVE;
				CLANG_WARN_UNREACHABLE_CODE = YES;
				CLANG_WARN__DUPLICATE_METHOD_MATCH = YES;
				COPY_PHASE_STRIP = NO;
				DEBUG_INFORMATION_FORMAT = dwarf;
				ENABLE_STRICT_OBJC_MSGSEND = YES;
				ENABLE_TESTABILITY = YES;
				ENABLE_USER_SCRIPT_SANDBOXING = YES;
				GCC_C_LANGUAGE_STANDARD = gnu17;
				GCC_DYNAMIC_NO_PIC = NO;
				GCC_NO_COMMON_BLOCKS = YES;
				GCC_OPTIMIZATION_LEVEL = 0;
				GCC_PREPROCESSOR_DEFINITIONS = (
					"DEBUG=1",
					"$(inherited)",
				);
				GCC_WARN_64_TO_32_BIT_CONVERSION = YES;
				GCC_WARN_ABOUT_RETURN_TYPE = YES_ERROR;
				GCC_WARN_UNDECLARED_SELECTOR = YES;
				GCC_WARN_UNINITIALIZED_AUTOS = YES_AGGRESSIVE;
				GCC_WARN_UNUSED_FUNCTION = YES;
				GCC_WARN_UNUSED_VARIABLE = YES;
				LOCALIZATION_PREFERS_STRING_CATALOGS = YES;
				MACOSX_DEPLOYMENT_TARGET = 14.0;
				MTL_ENABLE_DEBUG_INFO = INCLUDE_SOURCE;
				MTL_FAST_MATH = YES;
				ONLY_ACTIVE_ARCH = YES;
				SDKROOT = macosx;
			};
			name = Debug;
		};
		AE5170F82B59A4CE00ACFA5E /* Release */ = {
			isa = XCBuildConfiguration;
			buildSettings = {
				ALWAYS_SEARCH_USER_PATHS = NO;
				ASSETCATALOG_COMPILER_GENERATE_SWIFT_ASSET_SYMBOL_EXTENSIONS = YES;
				CLANG_ANALYZER_NONNULL = YES;
				CLANG_ANALYZER_NUMBER_OBJECT_CONVERSION = YES_AGGRESSIVE;
				CLANG_CXX_LANGUAGE_STANDARD = "gnu++20";
				CLANG_ENABLE_MODULES = YES;
				CLANG_ENABLE_OBJC_ARC = YES;
				CLANG_ENABLE_OBJC_WEAK = YES;
				CLANG_WARN_BLOCK_CAPTURE_AUTORELEASING = YES;
				CLANG_WARN_BOOL_CONVERSION = YES;
				CLANG_WARN_COMMA = YES;
				CLANG_WARN_CONSTANT_CONVERSION = YES;
				CLANG_WARN_DEPRECATED_OBJC_IMPLEMENTATIONS = YES;
				CLANG_WARN_DIRECT_OBJC_ISA_USAGE = YES_ERROR;
				CLANG_WARN_DOCUMENTATION_COMMENTS = YES;
				CLANG_WARN_EMPTY_BODY = YES;
				CLANG_WARN_ENUM_CONVERSION = YES;
				CLANG_WARN_INFINITE_RECURSION = YES;
				CLANG_WARN_INT_CONVERSION = YES;
				CLANG_WARN_NON_LITERAL_NULL_CONVERSION = YES;
				CLANG_WARN_OBJC_IMPLICIT_RETAIN_SELF = YES;
				CLANG_WARN_OBJC_LITERAL_CONVERSION = YES;
				CLANG_WARN_OBJC_ROOT_CLASS = YES_ERROR;
				CLANG_WARN_QUOTED_INCLUDE_IN_FRAMEWORK_HEADER = YES;
				CLANG_WARN_RANGE_LOOP_ANALYSIS = YES;
				CLANG_WARN_STRICT_PROTOTYPES = YES;
				CLANG_WARN_SUSPICIOUS_MOVE = YES;
				CLANG_WARN_UNGUARDED_AVAILABILITY = YES_AGGRESSIVE;
				CLANG_WARN_UNREACHABLE_CODE = YES;
				CLANG_WARN__DUPLICATE_METHOD_MATCH = YES;
				COPY_PHASE_STRIP = NO;
				DEBUG_INFORMATION_FORMAT = "dwarf-with-dsym";
				ENABLE_NS_ASSERTIONS = NO;
				ENABLE_STRICT_OBJC_MSGSEND = YES;
				ENABLE_USER_SCRIPT_SANDBOXING = YES;
				GCC_C_LANGUAGE_STANDARD = gnu17;
				GCC_NO_COMMON_BLOCKS = YES;
				GCC_WARN_64_TO_32_BIT_CONVERSION = YES;
				GCC_WARN_ABOUT_RETURN_TYPE = YES_ERROR;
				GCC_WARN_UNDECLARED_SELECTOR = YES;
				GCC_WARN_UNINITIALIZED_AUTOS = YES_AGGRESSIVE;
				GCC_WARN_UNUSED_FUNCTION = YES;
				GCC_WARN_UNUSED_VARIABLE = YES;
				LOCALIZATION_PREFERS_STRING_CATALOGS = YES;
				MACOSX_DEPLOYMENT_TARGET = 14.0;
				MTL_ENABLE_DEBUG_INFO = NO;
				MTL_FAST_MATH = YES;
				SDKROOT = macosx;
			};
			name = Release;
		};
		AE5170FA2B59A4CE00ACFA5E /* Debug */ = {
			isa = XCBuildConfiguration;
			buildSettings = {
				CODE_SIGN_STYLE = Automatic;
				HEADER_SEARCH_PATHS = "\"$(SRCROOT)/../Dependencies/SDL\"";
				LIBRARY_SEARCH_PATHS = /opt/homebrew/Cellar/sdl2/2.28.2/lib;
				PRODUCT_NAME = "$(TARGET_NAME)";
			};
			name = Debug;
		};
		AE5170FB2B59A4CE00ACFA5E /* Release */ = {
			isa = XCBuildConfiguration;
			buildSettings = {
				CODE_SIGN_STYLE = Automatic;
				HEADER_SEARCH_PATHS = "\"$(SRCROOT)/../Dependencies/SDL\"";
				LIBRARY_SEARCH_PATHS = /opt/homebrew/Cellar/sdl2/2.28.2/lib;
				PRODUCT_NAME = "$(TARGET_NAME)";
			};
			name = Release;
		};
/* End XCBuildConfiguration section */

/* Begin XCConfigurationList section */
		AE5170ED2B59A4CE00ACFA5E /* Build configuration list for PBXProject "Voomer" */ = {
			isa = XCConfigurationList;
			buildConfigurations = (
				AE5170F72B59A4CE00ACFA5E /* Debug */,
				AE5170F82B59A4CE00ACFA5E /* Release */,
			);
			defaultConfigurationIsVisible = 0;
			defaultConfigurationName = Release;
		};
		AE5170F92B59A4CE00ACFA5E /* Build configuration list for PBXNativeTarget "Voomer" */ = {
			isa = XCConfigurationList;
			buildConfigurations = (
				AE5170FA2B59A4CE00ACFA5E /* Debug */,
				AE5170FB2B59A4CE00ACFA5E /* Release */,
			);
			defaultConfigurationIsVisible = 0;
			defaultConfigurationName = Release;
		};
/* End XCConfigurationList section */
	};
	rootObject = AE5170EA2B59A4CE00ACFA5E /* Project object */;
}
