// !$*UTF8*$!
{
	archiveVersion = 1;
	classes = {
	};
	objectVersion = 56;
	objects = {

/* Begin PBXBuildFile section */
		451504912AA4F06A00959A3C /* Main.cpp in Sources */ = {isa = PBXBuildFile; fileRef = 451504902AA4F06A00959A3C /* Main.cpp */; };
		451504992AA4F0DD00959A3C /* libSDL2-2.0.0.dylib in Frameworks */ = {isa = PBXBuildFile; fileRef = 451504982AA4F0DD00959A3C /* libSDL2-2.0.0.dylib */; };
		452A59E22AA5419300AFD60A /* RenderWindow.cpp in Sources */ = {isa = PBXBuildFile; fileRef = 452A59E02AA5419300AFD60A /* RenderWindow.cpp */; };
		AEBFE0552AA9B85100E99C79 /* libSDL2_image-2.0.0.dylib in Frameworks */ = {isa = PBXBuildFile; fileRef = AEBFE0542AA9B85100E99C79 /* libSDL2_image-2.0.0.dylib */; };
		AEBFE0562AA9B85100E99C79 /* libSDL2_image-2.0.0.dylib in Embed Libraries */ = {isa = PBXBuildFile; fileRef = AEBFE0542AA9B85100E99C79 /* libSDL2_image-2.0.0.dylib */; settings = {ATTRIBUTES = (CodeSignOnCopy, ); }; };
		AEBFE05C2AA9BAD100E99C79 /* TextureManager.cpp in Sources */ = {isa = PBXBuildFile; fileRef = AEBFE05B2AA9BAD100E99C79 /* TextureManager.cpp */; };
		AEBFE05F2AAAEE9700E99C79 /* Animation.cpp in Sources */ = {isa = PBXBuildFile; fileRef = AEBFE05E2AAAEE9700E99C79 /* Animation.cpp */; };
		AEBFE0622AAAF27000E99C79 /* Entity.cpp in Sources */ = {isa = PBXBuildFile; fileRef = AEBFE0612AAAF27000E99C79 /* Entity.cpp */; };
/* End PBXBuildFile section */

/* Begin PBXCopyFilesBuildPhase section */
		4515048B2AA4F06A00959A3C /* CopyFiles */ = {
			isa = PBXCopyFilesBuildPhase;
			buildActionMask = 2147483647;
			dstPath = /usr/share/man/man1/;
			dstSubfolderSpec = 0;
			files = (
			);
			runOnlyForDeploymentPostprocessing = 1;
		};
		AEBFE0572AA9B85100E99C79 /* Embed Libraries */ = {
			isa = PBXCopyFilesBuildPhase;
			buildActionMask = 2147483647;
			dstPath = "";
			dstSubfolderSpec = 10;
			files = (
				AEBFE0562AA9B85100E99C79 /* libSDL2_image-2.0.0.dylib in Embed Libraries */,
			);
			name = "Embed Libraries";
			runOnlyForDeploymentPostprocessing = 0;
		};
/* End PBXCopyFilesBuildPhase section */

/* Begin PBXFileReference section */
		4515048D2AA4F06A00959A3C /* Platformer */ = {isa = PBXFileReference; explicitFileType = "compiled.mach-o.executable"; includeInIndex = 0; path = Platformer; sourceTree = BUILT_PRODUCTS_DIR; };
		451504902AA4F06A00959A3C /* Main.cpp */ = {isa = PBXFileReference; lastKnownFileType = sourcecode.cpp.cpp; path = Main.cpp; sourceTree = "<group>"; };
		451504982AA4F0DD00959A3C /* libSDL2-2.0.0.dylib */ = {isa = PBXFileReference; lastKnownFileType = "compiled.mach-o.dylib"; name = "libSDL2-2.0.0.dylib"; path = "../../../../../../../../opt/homebrew/Cellar/sdl2/2.28.2/lib/libSDL2-2.0.0.dylib"; sourceTree = "<group>"; };
		4515049A2AA4F0E400959A3C /* libSDL_image-1.2.0.dylib */ = {isa = PBXFileReference; lastKnownFileType = "compiled.mach-o.dylib"; name = "libSDL_image-1.2.0.dylib"; path = "../../../../../../../../opt/homebrew/Cellar/sdl_image/1.2.12_10/lib/libSDL_image-1.2.0.dylib"; sourceTree = "<group>"; };
		452A59DF2AA540ED00AFD60A /* RenderWindow.h */ = {isa = PBXFileReference; lastKnownFileType = sourcecode.c.h; path = RenderWindow.h; sourceTree = "<group>"; };
		452A59E02AA5419300AFD60A /* RenderWindow.cpp */ = {isa = PBXFileReference; lastKnownFileType = sourcecode.cpp.cpp; path = RenderWindow.cpp; sourceTree = "<group>"; };
		AEBFE0542AA9B85100E99C79 /* libSDL2_image-2.0.0.dylib */ = {isa = PBXFileReference; lastKnownFileType = "compiled.mach-o.dylib"; name = "libSDL2_image-2.0.0.dylib"; path = "../../../../../../../../opt/homebrew/Cellar/sdl2_image/2.6.3_2/lib/libSDL2_image-2.0.0.dylib"; sourceTree = "<group>"; };
		AEBFE05A2AA9BA2600E99C79 /* TextureManager.h */ = {isa = PBXFileReference; lastKnownFileType = sourcecode.c.h; path = TextureManager.h; sourceTree = "<group>"; };
		AEBFE05B2AA9BAD100E99C79 /* TextureManager.cpp */ = {isa = PBXFileReference; lastKnownFileType = sourcecode.cpp.cpp; path = TextureManager.cpp; sourceTree = "<group>"; };
		AEBFE05D2AAAEE8900E99C79 /* Animation.h */ = {isa = PBXFileReference; lastKnownFileType = sourcecode.c.h; path = Animation.h; sourceTree = "<group>"; };
		AEBFE05E2AAAEE9700E99C79 /* Animation.cpp */ = {isa = PBXFileReference; lastKnownFileType = sourcecode.cpp.cpp; path = Animation.cpp; sourceTree = "<group>"; };
		AEBFE0602AAAF26300E99C79 /* Entity.h */ = {isa = PBXFileReference; lastKnownFileType = sourcecode.c.h; path = Entity.h; sourceTree = "<group>"; };
		AEBFE0612AAAF27000E99C79 /* Entity.cpp */ = {isa = PBXFileReference; lastKnownFileType = sourcecode.cpp.cpp; path = Entity.cpp; sourceTree = "<group>"; };
/* End PBXFileReference section */

/* Begin PBXFrameworksBuildPhase section */
		4515048A2AA4F06A00959A3C /* Frameworks */ = {
			isa = PBXFrameworksBuildPhase;
			buildActionMask = 2147483647;
			files = (
				AEBFE0552AA9B85100E99C79 /* libSDL2_image-2.0.0.dylib in Frameworks */,
				451504992AA4F0DD00959A3C /* libSDL2-2.0.0.dylib in Frameworks */,
			);
			runOnlyForDeploymentPostprocessing = 0;
		};
/* End PBXFrameworksBuildPhase section */

/* Begin PBXGroup section */
		451504842AA4F06A00959A3C = {
			isa = PBXGroup;
			children = (
				4515048F2AA4F06A00959A3C /* Platformer */,
				4515048E2AA4F06A00959A3C /* Products */,
				451504972AA4F0DD00959A3C /* Frameworks */,
			);
			sourceTree = "<group>";
		};
		4515048E2AA4F06A00959A3C /* Products */ = {
			isa = PBXGroup;
			children = (
				4515048D2AA4F06A00959A3C /* Platformer */,
			);
			name = Products;
			sourceTree = "<group>";
		};
		4515048F2AA4F06A00959A3C /* Platformer */ = {
			isa = PBXGroup;
			children = (
				451504902AA4F06A00959A3C /* Main.cpp */,
				452A59DF2AA540ED00AFD60A /* RenderWindow.h */,
				452A59E02AA5419300AFD60A /* RenderWindow.cpp */,
				AEBFE05A2AA9BA2600E99C79 /* TextureManager.h */,
				AEBFE05B2AA9BAD100E99C79 /* TextureManager.cpp */,
				AEBFE05D2AAAEE8900E99C79 /* Animation.h */,
				AEBFE05E2AAAEE9700E99C79 /* Animation.cpp */,
				AEBFE0602AAAF26300E99C79 /* Entity.h */,
				AEBFE0612AAAF27000E99C79 /* Entity.cpp */,
			);
			path = Platformer;
			sourceTree = "<group>";
		};
		451504972AA4F0DD00959A3C /* Frameworks */ = {
			isa = PBXGroup;
			children = (
				AEBFE0542AA9B85100E99C79 /* libSDL2_image-2.0.0.dylib */,
				4515049A2AA4F0E400959A3C /* libSDL_image-1.2.0.dylib */,
				451504982AA4F0DD00959A3C /* libSDL2-2.0.0.dylib */,
			);
			name = Frameworks;
			sourceTree = "<group>";
		};
/* End PBXGroup section */

/* Begin PBXNativeTarget section */
		4515048C2AA4F06A00959A3C /* Platformer */ = {
			isa = PBXNativeTarget;
			buildConfigurationList = 451504942AA4F06A00959A3C /* Build configuration list for PBXNativeTarget "Platformer" */;
			buildPhases = (
				451504892AA4F06A00959A3C /* Sources */,
				4515048A2AA4F06A00959A3C /* Frameworks */,
				4515048B2AA4F06A00959A3C /* CopyFiles */,
				AEBFE0572AA9B85100E99C79 /* Embed Libraries */,
			);
			buildRules = (
			);
			dependencies = (
			);
			name = Platformer;
			productName = Platformer;
			productReference = 4515048D2AA4F06A00959A3C /* Platformer */;
			productType = "com.apple.product-type.tool";
		};
/* End PBXNativeTarget section */

/* Begin PBXProject section */
		451504852AA4F06A00959A3C /* Project object */ = {
			isa = PBXProject;
			attributes = {
				BuildIndependentTargetsInParallel = 1;
				LastUpgradeCheck = 1430;
				TargetAttributes = {
					4515048C2AA4F06A00959A3C = {
						CreatedOnToolsVersion = 14.3.1;
					};
				};
			};
			buildConfigurationList = 451504882AA4F06A00959A3C /* Build configuration list for PBXProject "Platformer" */;
			compatibilityVersion = "Xcode 14.0";
			developmentRegion = en;
			hasScannedForEncodings = 0;
			knownRegions = (
				en,
				Base,
			);
			mainGroup = 451504842AA4F06A00959A3C;
			productRefGroup = 4515048E2AA4F06A00959A3C /* Products */;
			projectDirPath = "";
			projectRoot = "";
			targets = (
				4515048C2AA4F06A00959A3C /* Platformer */,
			);
		};
/* End PBXProject section */

/* Begin PBXSourcesBuildPhase section */
		451504892AA4F06A00959A3C /* Sources */ = {
			isa = PBXSourcesBuildPhase;
			buildActionMask = 2147483647;
			files = (
				451504912AA4F06A00959A3C /* Main.cpp in Sources */,
				452A59E22AA5419300AFD60A /* RenderWindow.cpp in Sources */,
				AEBFE05F2AAAEE9700E99C79 /* Animation.cpp in Sources */,
				AEBFE0622AAAF27000E99C79 /* Entity.cpp in Sources */,
				AEBFE05C2AA9BAD100E99C79 /* TextureManager.cpp in Sources */,
			);
			runOnlyForDeploymentPostprocessing = 0;
		};
/* End PBXSourcesBuildPhase section */

/* Begin XCBuildConfiguration section */
		451504922AA4F06A00959A3C /* Debug */ = {
			isa = XCBuildConfiguration;
			buildSettings = {
				ALWAYS_SEARCH_USER_PATHS = NO;
				CLANG_ANALYZER_NONNULL = YES;
				CLANG_ANALYZER_NUMBER_OBJECT_CONVERSION = YES_AGGRESSIVE;
				CLANG_CXX_LANGUAGE_STANDARD = "gnu++20";
				CLANG_ENABLE_MODULES = YES;
				CLANG_ENABLE_OBJC_ARC = YES;
				CLANG_ENABLE_OBJC_WEAK = YES;
				CLANG_WARN_BLOCK_CAPTURE_AUTORELEASING = YES;
				CLANG_WARN_BOOL_CONVERSION = YES;
				CLANG_WARN_COMMA = YES;
				CLANG_WARN_CONSTANT_CONVERSION = YES;
				CLANG_WARN_DEPRECATED_OBJC_IMPLEMENTATIONS = YES;
				CLANG_WARN_DIRECT_OBJC_ISA_USAGE = YES_ERROR;
				CLANG_WARN_DOCUMENTATION_COMMENTS = YES;
				CLANG_WARN_EMPTY_BODY = YES;
				CLANG_WARN_ENUM_CONVERSION = YES;
				CLANG_WARN_INFINITE_RECURSION = YES;
				CLANG_WARN_INT_CONVERSION = YES;
				CLANG_WARN_NON_LITERAL_NULL_CONVERSION = YES;
				CLANG_WARN_OBJC_IMPLICIT_RETAIN_SELF = YES;
				CLANG_WARN_OBJC_LITERAL_CONVERSION = YES;
				CLANG_WARN_OBJC_ROOT_CLASS = YES_ERROR;
				CLANG_WARN_QUOTED_INCLUDE_IN_FRAMEWORK_HEADER = YES;
				CLANG_WARN_RANGE_LOOP_ANALYSIS = YES;
				CLANG_WARN_STRICT_PROTOTYPES = YES;
				CLANG_WARN_SUSPICIOUS_MOVE = YES;
				CLANG_WARN_UNGUARDED_AVAILABILITY = YES_AGGRESSIVE;
				CLANG_WARN_UNREACHABLE_CODE = YES;
				CLANG_WARN__DUPLICATE_METHOD_MATCH = YES;
				COPY_PHASE_STRIP = NO;
				DEBUG_INFORMATION_FORMAT = dwarf;
				ENABLE_STRICT_OBJC_MSGSEND = YES;
				ENABLE_TESTABILITY = YES;
				GCC_C_LANGUAGE_STANDARD = gnu11;
				GCC_DYNAMIC_NO_PIC = NO;
				GCC_NO_COMMON_BLOCKS = YES;
				GCC_OPTIMIZATION_LEVEL = 0;
				GCC_PREPROCESSOR_DEFINITIONS = (
					"DEBUG=1",
					"$(inherited)",
				);
				GCC_WARN_64_TO_32_BIT_CONVERSION = YES;
				GCC_WARN_ABOUT_RETURN_TYPE = YES_ERROR;
				GCC_WARN_UNDECLARED_SELECTOR = YES;
				GCC_WARN_UNINITIALIZED_AUTOS = YES_AGGRESSIVE;
				GCC_WARN_UNUSED_FUNCTION = YES;
				GCC_WARN_UNUSED_VARIABLE = YES;
				MACOSX_DEPLOYMENT_TARGET = 13.1;
				MTL_ENABLE_DEBUG_INFO = INCLUDE_SOURCE;
				MTL_FAST_MATH = YES;
				ONLY_ACTIVE_ARCH = YES;
				SDKROOT = macosx;
			};
			name = Debug;
		};
		451504932AA4F06A00959A3C /* Release */ = {
			isa = XCBuildConfiguration;
			buildSettings = {
				ALWAYS_SEARCH_USER_PATHS = NO;
				CLANG_ANALYZER_NONNULL = YES;
				CLANG_ANALYZER_NUMBER_OBJECT_CONVERSION = YES_AGGRESSIVE;
				CLANG_CXX_LANGUAGE_STANDARD = "gnu++20";
				CLANG_ENABLE_MODULES = YES;
				CLANG_ENABLE_OBJC_ARC = YES;
				CLANG_ENABLE_OBJC_WEAK = YES;
				CLANG_WARN_BLOCK_CAPTURE_AUTORELEASING = YES;
				CLANG_WARN_BOOL_CONVERSION = YES;
				CLANG_WARN_COMMA = YES;
				CLANG_WARN_CONSTANT_CONVERSION = YES;
				CLANG_WARN_DEPRECATED_OBJC_IMPLEMENTATIONS = YES;
				CLANG_WARN_DIRECT_OBJC_ISA_USAGE = YES_ERROR;
				CLANG_WARN_DOCUMENTATION_COMMENTS = YES;
				CLANG_WARN_EMPTY_BODY = YES;
				CLANG_WARN_ENUM_CONVERSION = YES;
				CLANG_WARN_INFINITE_RECURSION = YES;
				CLANG_WARN_INT_CONVERSION = YES;
				CLANG_WARN_NON_LITERAL_NULL_CONVERSION = YES;
				CLANG_WARN_OBJC_IMPLICIT_RETAIN_SELF = YES;
				CLANG_WARN_OBJC_LITERAL_CONVERSION = YES;
				CLANG_WARN_OBJC_ROOT_CLASS = YES_ERROR;
				CLANG_WARN_QUOTED_INCLUDE_IN_FRAMEWORK_HEADER = YES;
				CLANG_WARN_RANGE_LOOP_ANALYSIS = YES;
				CLANG_WARN_STRICT_PROTOTYPES = YES;
				CLANG_WARN_SUSPICIOUS_MOVE = YES;
				CLANG_WARN_UNGUARDED_AVAILABILITY = YES_AGGRESSIVE;
				CLANG_WARN_UNREACHABLE_CODE = YES;
				CLANG_WARN__DUPLICATE_METHOD_MATCH = YES;
				COPY_PHASE_STRIP = NO;
				DEBUG_INFORMATION_FORMAT = "dwarf-with-dsym";
				ENABLE_NS_ASSERTIONS = NO;
				ENABLE_STRICT_OBJC_MSGSEND = YES;
				GCC_C_LANGUAGE_STANDARD = gnu11;
				GCC_NO_COMMON_BLOCKS = YES;
				GCC_WARN_64_TO_32_BIT_CONVERSION = YES;
				GCC_WARN_ABOUT_RETURN_TYPE = YES_ERROR;
				GCC_WARN_UNDECLARED_SELECTOR = YES;
				GCC_WARN_UNINITIALIZED_AUTOS = YES_AGGRESSIVE;
				GCC_WARN_UNUSED_FUNCTION = YES;
				GCC_WARN_UNUSED_VARIABLE = YES;
				MACOSX_DEPLOYMENT_TARGET = 13.1;
				MTL_ENABLE_DEBUG_INFO = NO;
				MTL_FAST_MATH = YES;
				SDKROOT = macosx;
			};
			name = Release;
		};
		451504952AA4F06A00959A3C /* Debug */ = {
			isa = XCBuildConfiguration;
			buildSettings = {
				CODE_SIGN_STYLE = Automatic;
				HEADER_SEARCH_PATHS = "\"$(SRCROOT)/Dependencies/SDL\"";
				LIBRARY_SEARCH_PATHS = (
					"$(inherited)",
					/opt/homebrew/Cellar/sdl2/2.28.2/lib,
					/opt/homebrew/Cellar/sdl2_image/2.6.3_2/lib,
				);
				PRODUCT_NAME = "$(TARGET_NAME)";
			};
			name = Debug;
		};
		451504962AA4F06A00959A3C /* Release */ = {
			isa = XCBuildConfiguration;
			buildSettings = {
				CODE_SIGN_STYLE = Automatic;
				HEADER_SEARCH_PATHS = "\"$(SRCROOT)/Dependencies/SDL\"";
				LIBRARY_SEARCH_PATHS = (
					"$(inherited)",
					/opt/homebrew/Cellar/sdl2/2.28.2/lib,
					/opt/homebrew/Cellar/sdl2_image/2.6.3_2/lib,
				);
				PRODUCT_NAME = "$(TARGET_NAME)";
			};
			name = Release;
		};
/* End XCBuildConfiguration section */

/* Begin XCConfigurationList section */
		451504882AA4F06A00959A3C /* Build configuration list for PBXProject "Platformer" */ = {
			isa = XCConfigurationList;
			buildConfigurations = (
				451504922AA4F06A00959A3C /* Debug */,
				451504932AA4F06A00959A3C /* Release */,
			);
			defaultConfigurationIsVisible = 0;
			defaultConfigurationName = Release;
		};
		451504942AA4F06A00959A3C /* Build configuration list for PBXNativeTarget "Platformer" */ = {
			isa = XCConfigurationList;
			buildConfigurations = (
				451504952AA4F06A00959A3C /* Debug */,
				451504962AA4F06A00959A3C /* Release */,
			);
			defaultConfigurationIsVisible = 0;
			defaultConfigurationName = Release;
		};
/* End XCConfigurationList section */
	};
	rootObject = 451504852AA4F06A00959A3C /* Project object */;
}
