// !$*UTF8*$!
{
	archiveVersion = 1;
	classes = {
	};
	objectVersion = 56;
	objects = {

/* Begin PBXBuildFile section */
		AE8CBD322B6D7DB50001584B /* libglfw.3.3.dylib in Frameworks */ = {isa = PBXBuildFile; fileRef = AE8CBD312B6D7DB50001584B /* libglfw.3.3.dylib */; };
		AE8CBD332B6D7DB50001584B /* libglfw.3.3.dylib in Embed Libraries */ = {isa = PBXBuildFile; fileRef = AE8CBD312B6D7DB50001584B /* libglfw.3.3.dylib */; settings = {ATTRIBUTES = (CodeSignOnCopy, ); }; };
		AE8CBD372B6D7E780001584B /* glad.c in Sources */ = {isa = PBXBuildFile; fileRef = AE8CBD352B6D7E780001584B /* glad.c */; };
		AE8CBD452B6D897C0001584B /* GLUT.framework in Frameworks */ = {isa = PBXBuildFile; fileRef = AE8CBD442B6D897C0001584B /* GLUT.framework */; };
		AE8CBD472B6D89810001584B /* OpenGL.framework in Frameworks */ = {isa = PBXBuildFile; fileRef = AE8CBD462B6D89810001584B /* OpenGL.framework */; };
		AEB446D52B75416B00BFE059 /* Main.cpp in Sources */ = {isa = PBXBuildFile; fileRef = AEB446D42B75416B00BFE059 /* Main.cpp */; };
/* End PBXBuildFile section */

/* Begin PBXCopyFilesBuildPhase section */
		AE8CBD242B6D6BDA0001584B /* CopyFiles */ = {
			isa = PBXCopyFilesBuildPhase;
			buildActionMask = 2147483647;
			dstPath = /usr/share/man/man1/;
			dstSubfolderSpec = 0;
			files = (
			);
			runOnlyForDeploymentPostprocessing = 1;
		};
		AE8CBD342B6D7DB50001584B /* Embed Libraries */ = {
			isa = PBXCopyFilesBuildPhase;
			buildActionMask = 2147483647;
			dstPath = "";
			dstSubfolderSpec = 10;
			files = (
				AE8CBD332B6D7DB50001584B /* libglfw.3.3.dylib in Embed Libraries */,
			);
			name = "Embed Libraries";
			runOnlyForDeploymentPostprocessing = 0;
		};
/* End PBXCopyFilesBuildPhase section */

/* Begin PBXFileReference section */
		AE8CBD262B6D6BDA0001584B /* Raycaster */ = {isa = PBXFileReference; explicitFileType = "compiled.mach-o.executable"; includeInIndex = 0; path = Raycaster; sourceTree = BUILT_PRODUCTS_DIR; };
		AE8CBD312B6D7DB50001584B /* libglfw.3.3.dylib */ = {isa = PBXFileReference; lastKnownFileType = "compiled.mach-o.dylib"; name = libglfw.3.3.dylib; path = ../../../../../../../../../opt/homebrew/Cellar/glfw/3.3.8/lib/libglfw.3.3.dylib; sourceTree = "<group>"; };
		AE8CBD352B6D7E780001584B /* glad.c */ = {isa = PBXFileReference; fileEncoding = 4; lastKnownFileType = sourcecode.c.c; name = glad.c; path = ../../glad.c; sourceTree = "<group>"; };
		AE8CBD392B6D86C90001584B /* libglut.3.12.0.dylib */ = {isa = PBXFileReference; lastKnownFileType = "compiled.mach-o.dylib"; name = libglut.3.12.0.dylib; path = ../../../../../../../../../usr/local/Cellar/freeglut/3.4.0/lib/libglut.3.12.0.dylib; sourceTree = "<group>"; };
		AE8CBD3C2B6D86F60001584B /* libglut.3.dylib */ = {isa = PBXFileReference; lastKnownFileType = "compiled.mach-o.dylib"; name = libglut.3.dylib; path = ../../../../../../../../../usr/local/Cellar/freeglut/3.4.0/lib/libglut.3.dylib; sourceTree = "<group>"; };
		AE8CBD3F2B6D87040001584B /* libglut.dylib */ = {isa = PBXFileReference; lastKnownFileType = "compiled.mach-o.dylib"; name = libglut.dylib; path = ../../../../../../../../../usr/local/Cellar/freeglut/3.4.0/lib/libglut.dylib; sourceTree = "<group>"; };
		AE8CBD442B6D897C0001584B /* GLUT.framework */ = {isa = PBXFileReference; lastKnownFileType = wrapper.framework; name = GLUT.framework; path = System/Library/Frameworks/GLUT.framework; sourceTree = SDKROOT; };
		AE8CBD462B6D89810001584B /* OpenGL.framework */ = {isa = PBXFileReference; lastKnownFileType = wrapper.framework; name = OpenGL.framework; path = System/Library/Frameworks/OpenGL.framework; sourceTree = SDKROOT; };
		AEB446D42B75416B00BFE059 /* Main.cpp */ = {isa = PBXFileReference; fileEncoding = 4; lastKnownFileType = sourcecode.cpp.cpp; name = Main.cpp; path = ../../Main.cpp; sourceTree = "<group>"; };
/* End PBXFileReference section */

/* Begin PBXFrameworksBuildPhase section */
		AE8CBD232B6D6BDA0001584B /* Frameworks */ = {
			isa = PBXFrameworksBuildPhase;
			buildActionMask = 2147483647;
			files = (
				AE8CBD452B6D897C0001584B /* GLUT.framework in Frameworks */,
				AE8CBD322B6D7DB50001584B /* libglfw.3.3.dylib in Frameworks */,
				AE8CBD472B6D89810001584B /* OpenGL.framework in Frameworks */,
			);
			runOnlyForDeploymentPostprocessing = 0;
		};
/* End PBXFrameworksBuildPhase section */

/* Begin PBXGroup section */
		AE8CBD1D2B6D6BDA0001584B = {
			isa = PBXGroup;
			children = (
				AE8CBD282B6D6BDA0001584B /* Raycaster */,
				AE8CBD272B6D6BDA0001584B /* Products */,
				AE8CBD302B6D7DB50001584B /* Frameworks */,
			);
			sourceTree = "<group>";
		};
		AE8CBD272B6D6BDA0001584B /* Products */ = {
			isa = PBXGroup;
			children = (
				AE8CBD262B6D6BDA0001584B /* Raycaster */,
			);
			name = Products;
			sourceTree = "<group>";
		};
		AE8CBD282B6D6BDA0001584B /* Raycaster */ = {
			isa = PBXGroup;
			children = (
				AE8CBD352B6D7E780001584B /* glad.c */,
				AEB446D42B75416B00BFE059 /* Main.cpp */,
			);
			path = Raycaster;
			sourceTree = "<group>";
		};
		AE8CBD302B6D7DB50001584B /* Frameworks */ = {
			isa = PBXGroup;
			children = (
				AE8CBD462B6D89810001584B /* OpenGL.framework */,
				AE8CBD442B6D897C0001584B /* GLUT.framework */,
				AE8CBD3F2B6D87040001584B /* libglut.dylib */,
				AE8CBD3C2B6D86F60001584B /* libglut.3.dylib */,
				AE8CBD392B6D86C90001584B /* libglut.3.12.0.dylib */,
				AE8CBD312B6D7DB50001584B /* libglfw.3.3.dylib */,
			);
			name = Frameworks;
			sourceTree = "<group>";
		};
/* End PBXGroup section */

/* Begin PBXNativeTarget section */
		AE8CBD252B6D6BDA0001584B /* Raycaster */ = {
			isa = PBXNativeTarget;
			buildConfigurationList = AE8CBD2D2B6D6BDB0001584B /* Build configuration list for PBXNativeTarget "Raycaster" */;
			buildPhases = (
				AE8CBD222B6D6BDA0001584B /* Sources */,
				AE8CBD232B6D6BDA0001584B /* Frameworks */,
				AE8CBD242B6D6BDA0001584B /* CopyFiles */,
				AE8CBD342B6D7DB50001584B /* Embed Libraries */,
			);
			buildRules = (
			);
			dependencies = (
			);
			name = Raycaster;
			productName = Raycaster;
			productReference = AE8CBD262B6D6BDA0001584B /* Raycaster */;
			productType = "com.apple.product-type.tool";
		};
/* End PBXNativeTarget section */

/* Begin PBXProject section */
		AE8CBD1E2B6D6BDA0001584B /* Project object */ = {
			isa = PBXProject;
			attributes = {
				BuildIndependentTargetsInParallel = 1;
				LastUpgradeCheck = 1500;
				TargetAttributes = {
					AE8CBD252B6D6BDA0001584B = {
						CreatedOnToolsVersion = 15.0;
					};
				};
			};
			buildConfigurationList = AE8CBD212B6D6BDA0001584B /* Build configuration list for PBXProject "Raycaster" */;
			compatibilityVersion = "Xcode 14.0";
			developmentRegion = en;
			hasScannedForEncodings = 0;
			knownRegions = (
				en,
				Base,
			);
			mainGroup = AE8CBD1D2B6D6BDA0001584B;
			productRefGroup = AE8CBD272B6D6BDA0001584B /* Products */;
			projectDirPath = "";
			projectRoot = "";
			targets = (
				AE8CBD252B6D6BDA0001584B /* Raycaster */,
			);
		};
/* End PBXProject section */

/* Begin PBXSourcesBuildPhase section */
		AE8CBD222B6D6BDA0001584B /* Sources */ = {
			isa = PBXSourcesBuildPhase;
			buildActionMask = 2147483647;
			files = (
				AEB446D52B75416B00BFE059 /* Main.cpp in Sources */,
				AE8CBD372B6D7E780001584B /* glad.c in Sources */,
			);
			runOnlyForDeploymentPostprocessing = 0;
		};
/* End PBXSourcesBuildPhase section */

/* Begin XCBuildConfiguration section */
		AE8CBD2B2B6D6BDB0001584B /* Debug */ = {
			isa = XCBuildConfiguration;
			buildSettings = {
				ALWAYS_SEARCH_USER_PATHS = NO;
				ASSETCATALOG_COMPILER_GENERATE_SWIFT_ASSET_SYMBOL_EXTENSIONS = YES;
				CLANG_ANALYZER_NONNULL = YES;
				CLANG_ANALYZER_NUMBER_OBJECT_CONVERSION = YES_AGGRESSIVE;
				CLANG_CXX_LANGUAGE_STANDARD = "gnu++20";
				CLANG_ENABLE_MODULES = YES;
				CLANG_ENABLE_OBJC_ARC = YES;
				CLANG_ENABLE_OBJC_WEAK = YES;
				CLANG_WARN_BLOCK_CAPTURE_AUTORELEASING = YES;
				CLANG_WARN_BOOL_CONVERSION = YES;
				CLANG_WARN_COMMA = YES;
				CLANG_WARN_CONSTANT_CONVERSION = YES;
				CLANG_WARN_DEPRECATED_OBJC_IMPLEMENTATIONS = YES;
				CLANG_WARN_DIRECT_OBJC_ISA_USAGE = YES_ERROR;
				CLANG_WARN_DOCUMENTATION_COMMENTS = YES;
				CLANG_WARN_EMPTY_BODY = YES;
				CLANG_WARN_ENUM_CONVERSION = YES;
				CLANG_WARN_INFINITE_RECURSION = YES;
				CLANG_WARN_INT_CONVERSION = YES;
				CLANG_WARN_NON_LITERAL_NULL_CONVERSION = YES;
				CLANG_WARN_OBJC_IMPLICIT_RETAIN_SELF = YES;
				CLANG_WARN_OBJC_LITERAL_CONVERSION = YES;
				CLANG_WARN_OBJC_ROOT_CLASS = YES_ERROR;
				CLANG_WARN_QUOTED_INCLUDE_IN_FRAMEWORK_HEADER = YES;
				CLANG_WARN_RANGE_LOOP_ANALYSIS = YES;
				CLANG_WARN_STRICT_PROTOTYPES = YES;
				CLANG_WARN_SUSPICIOUS_MOVE = YES;
				CLANG_WARN_UNGUARDED_AVAILABILITY = YES_AGGRESSIVE;
				CLANG_WARN_UNREACHABLE_CODE = YES;
				CLANG_WARN__DUPLICATE_METHOD_MATCH = YES;
				COPY_PHASE_STRIP = NO;
				DEBUG_INFORMATION_FORMAT = dwarf;
				ENABLE_STRICT_OBJC_MSGSEND = YES;
				ENABLE_TESTABILITY = YES;
				ENABLE_USER_SCRIPT_SANDBOXING = YES;
				GCC_C_LANGUAGE_STANDARD = gnu17;
				GCC_DYNAMIC_NO_PIC = NO;
				GCC_NO_COMMON_BLOCKS = YES;
				GCC_OPTIMIZATION_LEVEL = 0;
				GCC_PREPROCESSOR_DEFINITIONS = (
					"DEBUG=1",
					"$(inherited)",
				);
				GCC_WARN_64_TO_32_BIT_CONVERSION = YES;
				GCC_WARN_ABOUT_RETURN_TYPE = YES_ERROR;
				GCC_WARN_UNDECLARED_SELECTOR = YES;
				GCC_WARN_UNINITIALIZED_AUTOS = YES_AGGRESSIVE;
				GCC_WARN_UNUSED_FUNCTION = YES;
				GCC_WARN_UNUSED_VARIABLE = YES;
				LOCALIZATION_PREFERS_STRING_CATALOGS = YES;
				MACOSX_DEPLOYMENT_TARGET = 14.0;
				MTL_ENABLE_DEBUG_INFO = INCLUDE_SOURCE;
				MTL_FAST_MATH = YES;
				ONLY_ACTIVE_ARCH = YES;
				SDKROOT = macosx;
			};
			name = Debug;
		};
		AE8CBD2C2B6D6BDB0001584B /* Release */ = {
			isa = XCBuildConfiguration;
			buildSettings = {
				ALWAYS_SEARCH_USER_PATHS = NO;
				ASSETCATALOG_COMPILER_GENERATE_SWIFT_ASSET_SYMBOL_EXTENSIONS = YES;
				CLANG_ANALYZER_NONNULL = YES;
				CLANG_ANALYZER_NUMBER_OBJECT_CONVERSION = YES_AGGRESSIVE;
				CLANG_CXX_LANGUAGE_STANDARD = "gnu++20";
				CLANG_ENABLE_MODULES = YES;
				CLANG_ENABLE_OBJC_ARC = YES;
				CLANG_ENABLE_OBJC_WEAK = YES;
				CLANG_WARN_BLOCK_CAPTURE_AUTORELEASING = YES;
				CLANG_WARN_BOOL_CONVERSION = YES;
				CLANG_WARN_COMMA = YES;
				CLANG_WARN_CONSTANT_CONVERSION = YES;
				CLANG_WARN_DEPRECATED_OBJC_IMPLEMENTATIONS = YES;
				CLANG_WARN_DIRECT_OBJC_ISA_USAGE = YES_ERROR;
				CLANG_WARN_DOCUMENTATION_COMMENTS = YES;
				CLANG_WARN_EMPTY_BODY = YES;
				CLANG_WARN_ENUM_CONVERSION = YES;
				CLANG_WARN_INFINITE_RECURSION = YES;
				CLANG_WARN_INT_CONVERSION = YES;
				CLANG_WARN_NON_LITERAL_NULL_CONVERSION = YES;
				CLANG_WARN_OBJC_IMPLICIT_RETAIN_SELF = YES;
				CLANG_WARN_OBJC_LITERAL_CONVERSION = YES;
				CLANG_WARN_OBJC_ROOT_CLASS = YES_ERROR;
				CLANG_WARN_QUOTED_INCLUDE_IN_FRAMEWORK_HEADER = YES;
				CLANG_WARN_RANGE_LOOP_ANALYSIS = YES;
				CLANG_WARN_STRICT_PROTOTYPES = YES;
				CLANG_WARN_SUSPICIOUS_MOVE = YES;
				CLANG_WARN_UNGUARDED_AVAILABILITY = YES_AGGRESSIVE;
				CLANG_WARN_UNREACHABLE_CODE = YES;
				CLANG_WARN__DUPLICATE_METHOD_MATCH = YES;
				COPY_PHASE_STRIP = NO;
				DEBUG_INFORMATION_FORMAT = "dwarf-with-dsym";
				ENABLE_NS_ASSERTIONS = NO;
				ENABLE_STRICT_OBJC_MSGSEND = YES;
				ENABLE_USER_SCRIPT_SANDBOXING = YES;
				GCC_C_LANGUAGE_STANDARD = gnu17;
				GCC_NO_COMMON_BLOCKS = YES;
				GCC_WARN_64_TO_32_BIT_CONVERSION = YES;
				GCC_WARN_ABOUT_RETURN_TYPE = YES_ERROR;
				GCC_WARN_UNDECLARED_SELECTOR = YES;
				GCC_WARN_UNINITIALIZED_AUTOS = YES_AGGRESSIVE;
				GCC_WARN_UNUSED_FUNCTION = YES;
				GCC_WARN_UNUSED_VARIABLE = YES;
				LOCALIZATION_PREFERS_STRING_CATALOGS = YES;
				MACOSX_DEPLOYMENT_TARGET = 14.0;
				MTL_ENABLE_DEBUG_INFO = NO;
				MTL_FAST_MATH = YES;
				SDKROOT = macosx;
			};
			name = Release;
		};
		AE8CBD2E2B6D6BDB0001584B /* Debug */ = {
			isa = XCBuildConfiguration;
			buildSettings = {
				CODE_SIGN_STYLE = Automatic;
				HEADER_SEARCH_PATHS = (
					"\"$(SRCROOT)/../Dependencies\"",
					"\"$(SRCROOT)/../Dependencies/glad/include\"",
				);
				LIBRARY_SEARCH_PATHS = (
					"$(inherited)",
					/opt/homebrew/Cellar/glfw/3.3.8/lib,
					/usr/local/Cellar/freeglut/3.4.0/lib,
				);
				PRODUCT_NAME = "$(TARGET_NAME)";
				WARNING_CFLAGS = "-w";
			};
			name = Debug;
		};
		AE8CBD2F2B6D6BDB0001584B /* Release */ = {
			isa = XCBuildConfiguration;
			buildSettings = {
				CODE_SIGN_STYLE = Automatic;
				HEADER_SEARCH_PATHS = (
					"\"$(SRCROOT)/../Dependencies\"",
					"\"$(SRCROOT)/../Dependencies/glad/include\"",
				);
				LIBRARY_SEARCH_PATHS = (
					"$(inherited)",
					/opt/homebrew/Cellar/glfw/3.3.8/lib,
					/usr/local/Cellar/freeglut/3.4.0/lib,
				);
				PRODUCT_NAME = "$(TARGET_NAME)";
				WARNING_CFLAGS = "-w";
			};
			name = Release;
		};
/* End XCBuildConfiguration section */

/* Begin XCConfigurationList section */
		AE8CBD212B6D6BDA0001584B /* Build configuration list for PBXProject "Raycaster" */ = {
			isa = XCConfigurationList;
			buildConfigurations = (
				AE8CBD2B2B6D6BDB0001584B /* Debug */,
				AE8CBD2C2B6D6BDB0001584B /* Release */,
			);
			defaultConfigurationIsVisible = 0;
			defaultConfigurationName = Release;
		};
		AE8CBD2D2B6D6BDB0001584B /* Build configuration list for PBXNativeTarget "Raycaster" */ = {
			isa = XCConfigurationList;
			buildConfigurations = (
				AE8CBD2E2B6D6BDB0001584B /* Debug */,
				AE8CBD2F2B6D6BDB0001584B /* Release */,
			);
			defaultConfigurationIsVisible = 0;
			defaultConfigurationName = Release;
		};
/* End XCConfigurationList section */
	};
	rootObject = AE8CBD1E2B6D6BDA0001584B /* Project object */;
}
